// !$*UTF8*$!
{
	archiveVersion = 1;
	classes = {
	};
	objectVersion = 50;
	objects = {

/* Begin PBXBuildFile section */
		BFC8CB0A792D4EDB38BE683C /* libPods-Loto.a in Frameworks */ = {isa = PBXBuildFile; fileRef = 2ABE0C9CEFFA958CEA71D97E /* libPods-Loto.a */; };
		EF42CED824FD5C8B0056D8D1 /* TabbarViewController.swift in Sources */ = {isa = PBXBuildFile; fileRef = EF42CED724FD5C8B0056D8D1 /* TabbarViewController.swift */; };
		EF42CEDB24FD68D90056D8D1 /* SideBarMenu.swift in Sources */ = {isa = PBXBuildFile; fileRef = EF42CEDA24FD68D90056D8D1 /* SideBarMenu.swift */; };
		EF42CEDD24FD68F40056D8D1 /* SideBarMenu.xib in Resources */ = {isa = PBXBuildFile; fileRef = EF42CEDC24FD68F40056D8D1 /* SideBarMenu.xib */; };
		EF72EA6424FBEF23001615E4 /* MienTrungNamViewController.swift in Sources */ = {isa = PBXBuildFile; fileRef = EF72EA6224FBEF23001615E4 /* MienTrungNamViewController.swift */; };
		EF72EA6524FBEF23001615E4 /* MienTrungNamViewController.xib in Resources */ = {isa = PBXBuildFile; fileRef = EF72EA6324FBEF23001615E4 /* MienTrungNamViewController.xib */; };
		EF737A9C24FC272100B31D48 /* MienBacCollectionViewCell.swift in Sources */ = {isa = PBXBuildFile; fileRef = EF737A9A24FC272100B31D48 /* MienBacCollectionViewCell.swift */; };
		EF737A9D24FC272100B31D48 /* MienBacCollectionViewCell.xib in Resources */ = {isa = PBXBuildFile; fileRef = EF737A9B24FC272100B31D48 /* MienBacCollectionViewCell.xib */; };
		EF7D17AA24FCBF4200BD11C0 /* MienTrungNam2ItemCollectionViewCell.swift in Sources */ = {isa = PBXBuildFile; fileRef = EF7D17A824FCBF4200BD11C0 /* MienTrungNam2ItemCollectionViewCell.swift */; };
		EF7D17AB24FCBF4200BD11C0 /* MienTrungNam2ItemCollectionViewCell.xib in Resources */ = {isa = PBXBuildFile; fileRef = EF7D17A924FCBF4200BD11C0 /* MienTrungNam2ItemCollectionViewCell.xib */; };
		EF7D17AF24FCDC8D00BD11C0 /* MienTrungNam3ItemCollectionViewCell.swift in Sources */ = {isa = PBXBuildFile; fileRef = EF7D17AD24FCDC8D00BD11C0 /* MienTrungNam3ItemCollectionViewCell.swift */; };
		EF7D17B024FCDC8D00BD11C0 /* MienTrungNam3ItemCollectionViewCell.xib in Resources */ = {isa = PBXBuildFile; fileRef = EF7D17AE24FCDC8D00BD11C0 /* MienTrungNam3ItemCollectionViewCell.xib */; };
		EF7D17B324FCDD2F00BD11C0 /* MienTrungNam4ItemCollectionViewCell.swift in Sources */ = {isa = PBXBuildFile; fileRef = EF7D17B124FCDD2F00BD11C0 /* MienTrungNam4ItemCollectionViewCell.swift */; };
		EF7D17B424FCDD2F00BD11C0 /* MienTrungNam4ItemCollectionViewCell.xib in Resources */ = {isa = PBXBuildFile; fileRef = EF7D17B224FCDD2F00BD11C0 /* MienTrungNam4ItemCollectionViewCell.xib */; };
		EF7D17B824FCDEEF00BD11C0 /* SoiCauLOTOViewController.swift in Sources */ = {isa = PBXBuildFile; fileRef = EF7D17B624FCDEEF00BD11C0 /* SoiCauLOTOViewController.swift */; };
		EF7D17B924FCDEEF00BD11C0 /* SoiCauLOTOViewController.xib in Resources */ = {isa = PBXBuildFile; fileRef = EF7D17B724FCDEEF00BD11C0 /* SoiCauLOTOViewController.xib */; };
		EF7D17BC24FCDF0700BD11C0 /* DetailSoiCauLotoViewController.swift in Sources */ = {isa = PBXBuildFile; fileRef = EF7D17BA24FCDF0700BD11C0 /* DetailSoiCauLotoViewController.swift */; };
		EF7D17BD24FCDF0700BD11C0 /* DetailSoiCauLotoViewController.xib in Resources */ = {isa = PBXBuildFile; fileRef = EF7D17BB24FCDF0700BD11C0 /* DetailSoiCauLotoViewController.xib */; };
		EF7D17C724FCF06D00BD11C0 /* SoMoDeViewController.swift in Sources */ = {isa = PBXBuildFile; fileRef = EF7D17C524FCF06D00BD11C0 /* SoMoDeViewController.swift */; };
		EF7D17C824FCF06E00BD11C0 /* SoMoDeViewController.xib in Resources */ = {isa = PBXBuildFile; fileRef = EF7D17C624FCF06D00BD11C0 /* SoMoDeViewController.xib */; };
		EF7D17CD24FCF5DB00BD11C0 /* NavigationBarView.swift in Sources */ = {isa = PBXBuildFile; fileRef = EF7D17CC24FCF5DB00BD11C0 /* NavigationBarView.swift */; };
		EF7D17CF24FCF5FB00BD11C0 /* NavigationBarView.xib in Resources */ = {isa = PBXBuildFile; fileRef = EF7D17CE24FCF5FB00BD11C0 /* NavigationBarView.xib */; };
		EF7D17D424FCFC7000BD11C0 /* TotalViewController.swift in Sources */ = {isa = PBXBuildFile; fileRef = EF7D17D224FCFC7000BD11C0 /* TotalViewController.swift */; };
		EF7D17D524FCFC7000BD11C0 /* TotalViewController.xib in Resources */ = {isa = PBXBuildFile; fileRef = EF7D17D324FCFC7000BD11C0 /* TotalViewController.xib */; };
		EF7D17D924FCFF5200BD11C0 /* TotalCollectionViewCell.swift in Sources */ = {isa = PBXBuildFile; fileRef = EF7D17D724FCFF5200BD11C0 /* TotalCollectionViewCell.swift */; };
		EF7D17DA24FCFF5200BD11C0 /* TotalCollectionViewCell.xib in Resources */ = {isa = PBXBuildFile; fileRef = EF7D17D824FCFF5200BD11C0 /* TotalCollectionViewCell.xib */; };
		EF83906E24FD7A5B002672DF /* ControllerDelegate.swift in Sources */ = {isa = PBXBuildFile; fileRef = EF83906D24FD7A5B002672DF /* ControllerDelegate.swift */; };
		EFF6FE2D24FBC8820062F307 /* ExtensionViewController.swift in Sources */ = {isa = PBXBuildFile; fileRef = EFF6FE2C24FBC8820062F307 /* ExtensionViewController.swift */; };
		EFF6FE2F24FBC8D90062F307 /* ExtensionApplication.swift in Sources */ = {isa = PBXBuildFile; fileRef = EFF6FE2E24FBC8D90062F307 /* ExtensionApplication.swift */; };
		EFFCB8D524FBA619000A880D /* AppDelegate.swift in Sources */ = {isa = PBXBuildFile; fileRef = EFFCB8D424FBA619000A880D /* AppDelegate.swift */; };
		EFFCB8D724FBA619000A880D /* SceneDelegate.swift in Sources */ = {isa = PBXBuildFile; fileRef = EFFCB8D624FBA619000A880D /* SceneDelegate.swift */; };
		EFFCB8DE24FBA61B000A880D /* Assets.xcassets in Resources */ = {isa = PBXBuildFile; fileRef = EFFCB8DD24FBA61B000A880D /* Assets.xcassets */; };
		EFFCB8E124FBA61B000A880D /* LaunchScreen.storyboard in Resources */ = {isa = PBXBuildFile; fileRef = EFFCB8DF24FBA61B000A880D /* LaunchScreen.storyboard */; };
		EFFCB8EA24FBA6C6000A880D /* RegisterViewController.swift in Sources */ = {isa = PBXBuildFile; fileRef = EFFCB8E824FBA6C6000A880D /* RegisterViewController.swift */; };
		EFFCB8EB24FBA6C6000A880D /* RegisterViewController.xib in Resources */ = {isa = PBXBuildFile; fileRef = EFFCB8E924FBA6C6000A880D /* RegisterViewController.xib */; };
		EFFCB8F424FBA93F000A880D /* MienBacViewController.swift in Sources */ = {isa = PBXBuildFile; fileRef = EFFCB8F224FBA93F000A880D /* MienBacViewController.swift */; };
		EFFCB8F524FBA93F000A880D /* MienBacViewController.xib in Resources */ = {isa = PBXBuildFile; fileRef = EFFCB8F324FBA93F000A880D /* MienBacViewController.xib */; };
/* End PBXBuildFile section */

/* Begin PBXFileReference section */
		2ABE0C9CEFFA958CEA71D97E /* libPods-Loto.a */ = {isa = PBXFileReference; explicitFileType = archive.ar; includeInIndex = 0; path = "libPods-Loto.a"; sourceTree = BUILT_PRODUCTS_DIR; };
		714936510DBAD84E8B1D7ACF /* Pods-Loto.debug.xcconfig */ = {isa = PBXFileReference; includeInIndex = 1; lastKnownFileType = text.xcconfig; name = "Pods-Loto.debug.xcconfig"; path = "Target Support Files/Pods-Loto/Pods-Loto.debug.xcconfig"; sourceTree = "<group>"; };
		EF42CED724FD5C8B0056D8D1 /* TabbarViewController.swift */ = {isa = PBXFileReference; lastKnownFileType = sourcecode.swift; path = TabbarViewController.swift; sourceTree = "<group>"; };
		EF42CEDA24FD68D90056D8D1 /* SideBarMenu.swift */ = {isa = PBXFileReference; lastKnownFileType = sourcecode.swift; path = SideBarMenu.swift; sourceTree = "<group>"; };
		EF42CEDC24FD68F40056D8D1 /* SideBarMenu.xib */ = {isa = PBXFileReference; lastKnownFileType = file.xib; path = SideBarMenu.xib; sourceTree = "<group>"; };
		EF72EA6224FBEF23001615E4 /* MienTrungNamViewController.swift */ = {isa = PBXFileReference; lastKnownFileType = sourcecode.swift; path = MienTrungNamViewController.swift; sourceTree = "<group>"; };
		EF72EA6324FBEF23001615E4 /* MienTrungNamViewController.xib */ = {isa = PBXFileReference; lastKnownFileType = file.xib; path = MienTrungNamViewController.xib; sourceTree = "<group>"; };
		EF737A9A24FC272100B31D48 /* MienBacCollectionViewCell.swift */ = {isa = PBXFileReference; lastKnownFileType = sourcecode.swift; path = MienBacCollectionViewCell.swift; sourceTree = "<group>"; };
		EF737A9B24FC272100B31D48 /* MienBacCollectionViewCell.xib */ = {isa = PBXFileReference; lastKnownFileType = file.xib; path = MienBacCollectionViewCell.xib; sourceTree = "<group>"; };
		EF7D17A824FCBF4200BD11C0 /* MienTrungNam2ItemCollectionViewCell.swift */ = {isa = PBXFileReference; lastKnownFileType = sourcecode.swift; path = MienTrungNam2ItemCollectionViewCell.swift; sourceTree = "<group>"; };
		EF7D17A924FCBF4200BD11C0 /* MienTrungNam2ItemCollectionViewCell.xib */ = {isa = PBXFileReference; lastKnownFileType = file.xib; path = MienTrungNam2ItemCollectionViewCell.xib; sourceTree = "<group>"; };
		EF7D17AD24FCDC8D00BD11C0 /* MienTrungNam3ItemCollectionViewCell.swift */ = {isa = PBXFileReference; lastKnownFileType = sourcecode.swift; path = MienTrungNam3ItemCollectionViewCell.swift; sourceTree = "<group>"; };
		EF7D17AE24FCDC8D00BD11C0 /* MienTrungNam3ItemCollectionViewCell.xib */ = {isa = PBXFileReference; lastKnownFileType = file.xib; path = MienTrungNam3ItemCollectionViewCell.xib; sourceTree = "<group>"; };
		EF7D17B124FCDD2F00BD11C0 /* MienTrungNam4ItemCollectionViewCell.swift */ = {isa = PBXFileReference; lastKnownFileType = sourcecode.swift; path = MienTrungNam4ItemCollectionViewCell.swift; sourceTree = "<group>"; };
		EF7D17B224FCDD2F00BD11C0 /* MienTrungNam4ItemCollectionViewCell.xib */ = {isa = PBXFileReference; lastKnownFileType = file.xib; path = MienTrungNam4ItemCollectionViewCell.xib; sourceTree = "<group>"; };
		EF7D17B624FCDEEF00BD11C0 /* SoiCauLOTOViewController.swift */ = {isa = PBXFileReference; lastKnownFileType = sourcecode.swift; path = SoiCauLOTOViewController.swift; sourceTree = "<group>"; };
		EF7D17B724FCDEEF00BD11C0 /* SoiCauLOTOViewController.xib */ = {isa = PBXFileReference; lastKnownFileType = file.xib; path = SoiCauLOTOViewController.xib; sourceTree = "<group>"; };
		EF7D17BA24FCDF0700BD11C0 /* DetailSoiCauLotoViewController.swift */ = {isa = PBXFileReference; lastKnownFileType = sourcecode.swift; path = DetailSoiCauLotoViewController.swift; sourceTree = "<group>"; };
		EF7D17BB24FCDF0700BD11C0 /* DetailSoiCauLotoViewController.xib */ = {isa = PBXFileReference; lastKnownFileType = file.xib; path = DetailSoiCauLotoViewController.xib; sourceTree = "<group>"; };
		EF7D17C524FCF06D00BD11C0 /* SoMoDeViewController.swift */ = {isa = PBXFileReference; lastKnownFileType = sourcecode.swift; path = SoMoDeViewController.swift; sourceTree = "<group>"; };
		EF7D17C624FCF06D00BD11C0 /* SoMoDeViewController.xib */ = {isa = PBXFileReference; lastKnownFileType = file.xib; path = SoMoDeViewController.xib; sourceTree = "<group>"; };
		EF7D17CC24FCF5DB00BD11C0 /* NavigationBarView.swift */ = {isa = PBXFileReference; lastKnownFileType = sourcecode.swift; path = NavigationBarView.swift; sourceTree = "<group>"; };
		EF7D17CE24FCF5FB00BD11C0 /* NavigationBarView.xib */ = {isa = PBXFileReference; lastKnownFileType = file.xib; path = NavigationBarView.xib; sourceTree = "<group>"; };
		EF7D17D224FCFC7000BD11C0 /* TotalViewController.swift */ = {isa = PBXFileReference; lastKnownFileType = sourcecode.swift; path = TotalViewController.swift; sourceTree = "<group>"; };
		EF7D17D324FCFC7000BD11C0 /* TotalViewController.xib */ = {isa = PBXFileReference; lastKnownFileType = file.xib; path = TotalViewController.xib; sourceTree = "<group>"; };
		EF7D17D724FCFF5200BD11C0 /* TotalCollectionViewCell.swift */ = {isa = PBXFileReference; lastKnownFileType = sourcecode.swift; path = TotalCollectionViewCell.swift; sourceTree = "<group>"; };
		EF7D17D824FCFF5200BD11C0 /* TotalCollectionViewCell.xib */ = {isa = PBXFileReference; lastKnownFileType = file.xib; path = TotalCollectionViewCell.xib; sourceTree = "<group>"; };
		EF83906D24FD7A5B002672DF /* ControllerDelegate.swift */ = {isa = PBXFileReference; lastKnownFileType = sourcecode.swift; path = ControllerDelegate.swift; sourceTree = "<group>"; };
		EFF6FE2C24FBC8820062F307 /* ExtensionViewController.swift */ = {isa = PBXFileReference; lastKnownFileType = sourcecode.swift; path = ExtensionViewController.swift; sourceTree = "<group>"; };
		EFF6FE2E24FBC8D90062F307 /* ExtensionApplication.swift */ = {isa = PBXFileReference; lastKnownFileType = sourcecode.swift; path = ExtensionApplication.swift; sourceTree = "<group>"; };
		EFFCB8D124FBA619000A880D /* Loto.app */ = {isa = PBXFileReference; explicitFileType = wrapper.application; includeInIndex = 0; path = Loto.app; sourceTree = BUILT_PRODUCTS_DIR; };
		EFFCB8D424FBA619000A880D /* AppDelegate.swift */ = {isa = PBXFileReference; lastKnownFileType = sourcecode.swift; path = AppDelegate.swift; sourceTree = "<group>"; };
		EFFCB8D624FBA619000A880D /* SceneDelegate.swift */ = {isa = PBXFileReference; lastKnownFileType = sourcecode.swift; path = SceneDelegate.swift; sourceTree = "<group>"; };
		EFFCB8DD24FBA61B000A880D /* Assets.xcassets */ = {isa = PBXFileReference; lastKnownFileType = folder.assetcatalog; path = Assets.xcassets; sourceTree = "<group>"; };
		EFFCB8E024FBA61B000A880D /* Base */ = {isa = PBXFileReference; lastKnownFileType = file.storyboard; name = Base; path = Base.lproj/LaunchScreen.storyboard; sourceTree = "<group>"; };
		EFFCB8E224FBA61B000A880D /* Info.plist */ = {isa = PBXFileReference; lastKnownFileType = text.plist.xml; path = Info.plist; sourceTree = "<group>"; };
		EFFCB8E824FBA6C6000A880D /* RegisterViewController.swift */ = {isa = PBXFileReference; lastKnownFileType = sourcecode.swift; path = RegisterViewController.swift; sourceTree = "<group>"; };
		EFFCB8E924FBA6C6000A880D /* RegisterViewController.xib */ = {isa = PBXFileReference; lastKnownFileType = file.xib; path = RegisterViewController.xib; sourceTree = "<group>"; };
		EFFCB8F224FBA93F000A880D /* MienBacViewController.swift */ = {isa = PBXFileReference; lastKnownFileType = sourcecode.swift; path = MienBacViewController.swift; sourceTree = "<group>"; };
		EFFCB8F324FBA93F000A880D /* MienBacViewController.xib */ = {isa = PBXFileReference; lastKnownFileType = file.xib; path = MienBacViewController.xib; sourceTree = "<group>"; };
		FA585DE15B1797A05CB0C903 /* Pods-Loto.release.xcconfig */ = {isa = PBXFileReference; includeInIndex = 1; lastKnownFileType = text.xcconfig; name = "Pods-Loto.release.xcconfig"; path = "Target Support Files/Pods-Loto/Pods-Loto.release.xcconfig"; sourceTree = "<group>"; };
/* End PBXFileReference section */

/* Begin PBXFrameworksBuildPhase section */
		EFFCB8CE24FBA619000A880D /* Frameworks */ = {
			isa = PBXFrameworksBuildPhase;
			buildActionMask = 2147483647;
			files = (
				BFC8CB0A792D4EDB38BE683C /* libPods-Loto.a in Frameworks */,
			);
			runOnlyForDeploymentPostprocessing = 0;
		};
/* End PBXFrameworksBuildPhase section */

/* Begin PBXGroup section */
		DCA87C210B314990E1709ADF /* Frameworks */ = {
			isa = PBXGroup;
			children = (
				2ABE0C9CEFFA958CEA71D97E /* libPods-Loto.a */,
			);
			name = Frameworks;
			sourceTree = "<group>";
		};
		EF42CED624FD5C510056D8D1 /* Tabbar */ = {
			isa = PBXGroup;
			children = (
				EF42CED724FD5C8B0056D8D1 /* TabbarViewController.swift */,
			);
			path = Tabbar;
			sourceTree = "<group>";
		};
		EF42CED924FD65C30056D8D1 /* SilderMenu */ = {
			isa = PBXGroup;
			children = (
				EF42CEDA24FD68D90056D8D1 /* SideBarMenu.swift */,
				EF42CEDC24FD68F40056D8D1 /* SideBarMenu.xib */,
			);
			path = SilderMenu;
			sourceTree = "<group>";
		};
		EF7D17AC24FCBF6000BD11C0 /* CollectionViewCells */ = {
			isa = PBXGroup;
			children = (
				EF737A9A24FC272100B31D48 /* MienBacCollectionViewCell.swift */,
				EF737A9B24FC272100B31D48 /* MienBacCollectionViewCell.xib */,
				EF7D17A824FCBF4200BD11C0 /* MienTrungNam2ItemCollectionViewCell.swift */,
				EF7D17A924FCBF4200BD11C0 /* MienTrungNam2ItemCollectionViewCell.xib */,
				EF7D17AD24FCDC8D00BD11C0 /* MienTrungNam3ItemCollectionViewCell.swift */,
				EF7D17AE24FCDC8D00BD11C0 /* MienTrungNam3ItemCollectionViewCell.xib */,
				EF7D17B124FCDD2F00BD11C0 /* MienTrungNam4ItemCollectionViewCell.swift */,
				EF7D17B224FCDD2F00BD11C0 /* MienTrungNam4ItemCollectionViewCell.xib */,
			);
			path = CollectionViewCells;
			sourceTree = "<group>";
		};
		EF7D17B524FCDE5700BD11C0 /* SoiCauLoto */ = {
			isa = PBXGroup;
			children = (
				EF7D17B624FCDEEF00BD11C0 /* SoiCauLOTOViewController.swift */,
				EF7D17B724FCDEEF00BD11C0 /* SoiCauLOTOViewController.xib */,
				EF7D17BA24FCDF0700BD11C0 /* DetailSoiCauLotoViewController.swift */,
				EF7D17BB24FCDF0700BD11C0 /* DetailSoiCauLotoViewController.xib */,
			);
			path = SoiCauLoto;
			sourceTree = "<group>";
		};
		EF7D17C424FCF01500BD11C0 /* SoMoDe */ = {
			isa = PBXGroup;
			children = (
				EF7D17C924FCF3E500BD11C0 /* Navigation */,
				EF7D17C524FCF06D00BD11C0 /* SoMoDeViewController.swift */,
				EF7D17C624FCF06D00BD11C0 /* SoMoDeViewController.xib */,
			);
			path = SoMoDe;
			sourceTree = "<group>";
		};
		EF7D17C924FCF3E500BD11C0 /* Navigation */ = {
			isa = PBXGroup;
			children = (
				EF7D17CC24FCF5DB00BD11C0 /* NavigationBarView.swift */,
				EF7D17CE24FCF5FB00BD11C0 /* NavigationBarView.xib */,
			);
			path = Navigation;
			sourceTree = "<group>";
		};
		EF7D17D024FCF94200BD11C0 /* KQDai */ = {
			isa = PBXGroup;
			children = (
				EF7D17D624FCFF3600BD11C0 /* CollectionViewCells */,
				EF7D17D124FCF95800BD11C0 /* Total */,
			);
			path = KQDai;
			sourceTree = "<group>";
		};
		EF7D17D124FCF95800BD11C0 /* Total */ = {
			isa = PBXGroup;
			children = (
				EF7D17D224FCFC7000BD11C0 /* TotalViewController.swift */,
				EF7D17D324FCFC7000BD11C0 /* TotalViewController.xib */,
			);
			path = Total;
			sourceTree = "<group>";
		};
		EF7D17D624FCFF3600BD11C0 /* CollectionViewCells */ = {
			isa = PBXGroup;
			children = (
				EF7D17D724FCFF5200BD11C0 /* TotalCollectionViewCell.swift */,
				EF7D17D824FCFF5200BD11C0 /* TotalCollectionViewCell.xib */,
			);
			path = CollectionViewCells;
			sourceTree = "<group>";
		};
		EF83906C24FD7A35002672DF /* Delegate */ = {
			isa = PBXGroup;
			children = (
				EF83906D24FD7A5B002672DF /* ControllerDelegate.swift */,
			);
			path = Delegate;
			sourceTree = "<group>";
		};
		EFF6FE2B24FBC8490062F307 /* Extension */ = {
			isa = PBXGroup;
			children = (
				EFF6FE2C24FBC8820062F307 /* ExtensionViewController.swift */,
				EFF6FE2E24FBC8D90062F307 /* ExtensionApplication.swift */,
			);
			path = Extension;
			sourceTree = "<group>";
		};
		EFFCB8C824FBA619000A880D = {
			isa = PBXGroup;
			children = (
				EFFCB8D324FBA619000A880D /* Loto */,
				EFFCB8D224FBA619000A880D /* Products */,
				FB42D18EE555046B6CC53603 /* Pods */,
				DCA87C210B314990E1709ADF /* Frameworks */,
			);
			sourceTree = "<group>";
		};
		EFFCB8D224FBA619000A880D /* Products */ = {
			isa = PBXGroup;
			children = (
				EFFCB8D124FBA619000A880D /* Loto.app */,
			);
			name = Products;
			sourceTree = "<group>";
		};
		EFFCB8D324FBA619000A880D /* Loto */ = {
			isa = PBXGroup;
			children = (
				EFFCB8D424FBA619000A880D /* AppDelegate.swift */,
				EFFCB8D624FBA619000A880D /* SceneDelegate.swift */,
				EFFCB8EC24FBA6CE000A880D /* Controller */,
				EFF6FE2B24FBC8490062F307 /* Extension */,
				EFFCB8DD24FBA61B000A880D /* Assets.xcassets */,
				EFFCB8DF24FBA61B000A880D /* LaunchScreen.storyboard */,
				EFFCB8E224FBA61B000A880D /* Info.plist */,
			);
			path = Loto;
			sourceTree = "<group>";
		};
		EFFCB8EC24FBA6CE000A880D /* Controller */ = {
			isa = PBXGroup;
			children = (
				EF42CED924FD65C30056D8D1 /* SilderMenu */,
				EF7D17D024FCF94200BD11C0 /* KQDai */,
				EF7D17C424FCF01500BD11C0 /* SoMoDe */,
				EF7D17B524FCDE5700BD11C0 /* SoiCauLoto */,
				EFFCB8EE24FBA85B000A880D /* XoSo */,
				EFFCB8ED24FBA6DC000A880D /* Register */,
				EF83906C24FD7A35002672DF /* Delegate */,
			);
			path = Controller;
			sourceTree = "<group>";
		};
		EFFCB8ED24FBA6DC000A880D /* Register */ = {
			isa = PBXGroup;
			children = (
				EFFCB8E824FBA6C6000A880D /* RegisterViewController.swift */,
				EFFCB8E924FBA6C6000A880D /* RegisterViewController.xib */,
			);
			path = Register;
			sourceTree = "<group>";
		};
		EFFCB8EE24FBA85B000A880D /* XoSo */ = {
			isa = PBXGroup;
			children = (
				EF42CED624FD5C510056D8D1 /* Tabbar */,
				EF7D17AC24FCBF6000BD11C0 /* CollectionViewCells */,
				EFFCB8F024FBA8A1000A880D /* MienTrung+Nam */,
				EFFCB8EF24FBA889000A880D /* MienBac */,
			);
			path = XoSo;
			sourceTree = "<group>";
		};
		EFFCB8EF24FBA889000A880D /* MienBac */ = {
			isa = PBXGroup;
			children = (
				EFFCB8F224FBA93F000A880D /* MienBacViewController.swift */,
				EFFCB8F324FBA93F000A880D /* MienBacViewController.xib */,
			);
			path = MienBac;
			sourceTree = "<group>";
		};
		EFFCB8F024FBA8A1000A880D /* MienTrung+Nam */ = {
			isa = PBXGroup;
			children = (
				EF72EA6224FBEF23001615E4 /* MienTrungNamViewController.swift */,
				EF72EA6324FBEF23001615E4 /* MienTrungNamViewController.xib */,
			);
			path = "MienTrung+Nam";
			sourceTree = "<group>";
		};
		FB42D18EE555046B6CC53603 /* Pods */ = {
			isa = PBXGroup;
			children = (
				714936510DBAD84E8B1D7ACF /* Pods-Loto.debug.xcconfig */,
				FA585DE15B1797A05CB0C903 /* Pods-Loto.release.xcconfig */,
			);
			path = Pods;
			sourceTree = "<group>";
		};
/* End PBXGroup section */

/* Begin PBXNativeTarget section */
		EFFCB8D024FBA619000A880D /* Loto */ = {
			isa = PBXNativeTarget;
			buildConfigurationList = EFFCB8E524FBA61B000A880D /* Build configuration list for PBXNativeTarget "Loto" */;
			buildPhases = (
				5A90B220FCA1A110DF282650 /* [CP] Check Pods Manifest.lock */,
				EFFCB8CD24FBA619000A880D /* Sources */,
				EFFCB8CE24FBA619000A880D /* Frameworks */,
				EFFCB8CF24FBA619000A880D /* Resources */,
			);
			buildRules = (
			);
			dependencies = (
			);
			name = Loto;
			productName = Loto;
			productReference = EFFCB8D124FBA619000A880D /* Loto.app */;
			productType = "com.apple.product-type.application";
		};
/* End PBXNativeTarget section */

/* Begin PBXProject section */
		EFFCB8C924FBA619000A880D /* Project object */ = {
			isa = PBXProject;
			attributes = {
				LastSwiftUpdateCheck = 1130;
				LastUpgradeCheck = 1130;
				ORGANIZATIONNAME = "Nam Hoang Van";
				TargetAttributes = {
					EFFCB8D024FBA619000A880D = {
						CreatedOnToolsVersion = 11.3.1;
					};
				};
			};
			buildConfigurationList = EFFCB8CC24FBA619000A880D /* Build configuration list for PBXProject "Loto" */;
			compatibilityVersion = "Xcode 9.3";
			developmentRegion = en;
			hasScannedForEncodings = 0;
			knownRegions = (
				en,
				Base,
			);
			mainGroup = EFFCB8C824FBA619000A880D;
			productRefGroup = EFFCB8D224FBA619000A880D /* Products */;
			projectDirPath = "";
			projectRoot = "";
			targets = (
				EFFCB8D024FBA619000A880D /* Loto */,
			);
		};
/* End PBXProject section */

/* Begin PBXResourcesBuildPhase section */
		EFFCB8CF24FBA619000A880D /* Resources */ = {
			isa = PBXResourcesBuildPhase;
			buildActionMask = 2147483647;
			files = (
				EF737A9D24FC272100B31D48 /* MienBacCollectionViewCell.xib in Resources */,
				EF7D17BD24FCDF0700BD11C0 /* DetailSoiCauLotoViewController.xib in Resources */,
				EF7D17B424FCDD2F00BD11C0 /* MienTrungNam4ItemCollectionViewCell.xib in Resources */,
				EF7D17D524FCFC7000BD11C0 /* TotalViewController.xib in Resources */,
				EF7D17CF24FCF5FB00BD11C0 /* NavigationBarView.xib in Resources */,
				EFFCB8F524FBA93F000A880D /* MienBacViewController.xib in Resources */,
				EF7D17DA24FCFF5200BD11C0 /* TotalCollectionViewCell.xib in Resources */,
				EF72EA6524FBEF23001615E4 /* MienTrungNamViewController.xib in Resources */,
				EFFCB8E124FBA61B000A880D /* LaunchScreen.storyboard in Resources */,
				EFFCB8DE24FBA61B000A880D /* Assets.xcassets in Resources */,
				EF7D17C824FCF06E00BD11C0 /* SoMoDeViewController.xib in Resources */,
				EF7D17B924FCDEEF00BD11C0 /* SoiCauLOTOViewController.xib in Resources */,
				EFFCB8EB24FBA6C6000A880D /* RegisterViewController.xib in Resources */,
				EF7D17B024FCDC8D00BD11C0 /* MienTrungNam3ItemCollectionViewCell.xib in Resources */,
				EF7D17AB24FCBF4200BD11C0 /* MienTrungNam2ItemCollectionViewCell.xib in Resources */,
				EF42CEDD24FD68F40056D8D1 /* SideBarMenu.xib in Resources */,
			);
			runOnlyForDeploymentPostprocessing = 0;
		};
/* End PBXResourcesBuildPhase section */

/* Begin PBXShellScriptBuildPhase section */
		5A90B220FCA1A110DF282650 /* [CP] Check Pods Manifest.lock */ = {
			isa = PBXShellScriptBuildPhase;
			buildActionMask = 2147483647;
			files = (
			);
			inputFileListPaths = (
			);
			inputPaths = (
				"${PODS_PODFILE_DIR_PATH}/Podfile.lock",
				"${PODS_ROOT}/Manifest.lock",
			);
			name = "[CP] Check Pods Manifest.lock";
			outputFileListPaths = (
			);
			outputPaths = (
				"$(DERIVED_FILE_DIR)/Pods-Loto-checkManifestLockResult.txt",
			);
			runOnlyForDeploymentPostprocessing = 0;
			shellPath = /bin/sh;
			shellScript = "diff \"${PODS_PODFILE_DIR_PATH}/Podfile.lock\" \"${PODS_ROOT}/Manifest.lock\" > /dev/null\nif [ $? != 0 ] ; then\n    # print error to STDERR\n    echo \"error: The sandbox is not in sync with the Podfile.lock. Run 'pod install' or update your CocoaPods installation.\" >&2\n    exit 1\nfi\n# This output is used by Xcode 'outputs' to avoid re-running this script phase.\necho \"SUCCESS\" > \"${SCRIPT_OUTPUT_FILE_0}\"\n";
			showEnvVarsInLog = 0;
		};
/* End PBXShellScriptBuildPhase section */

/* Begin PBXSourcesBuildPhase section */
		EFFCB8CD24FBA619000A880D /* Sources */ = {
			isa = PBXSourcesBuildPhase;
			buildActionMask = 2147483647;
			files = (
				EFF6FE2F24FBC8D90062F307 /* ExtensionApplication.swift in Sources */,
				EF7D17C724FCF06D00BD11C0 /* SoMoDeViewController.swift in Sources */,
				EFFCB8F424FBA93F000A880D /* MienBacViewController.swift in Sources */,
				EF7D17B824FCDEEF00BD11C0 /* SoiCauLOTOViewController.swift in Sources */,
				EF7D17AF24FCDC8D00BD11C0 /* MienTrungNam3ItemCollectionViewCell.swift in Sources */,
				EF42CEDB24FD68D90056D8D1 /* SideBarMenu.swift in Sources */,
				EF737A9C24FC272100B31D48 /* MienBacCollectionViewCell.swift in Sources */,
				EF83906E24FD7A5B002672DF /* ControllerDelegate.swift in Sources */,
				EFF6FE2D24FBC8820062F307 /* ExtensionViewController.swift in Sources */,
				EF7D17D424FCFC7000BD11C0 /* TotalViewController.swift in Sources */,
				EF42CED824FD5C8B0056D8D1 /* TabbarViewController.swift in Sources */,
				EF7D17B324FCDD2F00BD11C0 /* MienTrungNam4ItemCollectionViewCell.swift in Sources */,
				EF7D17BC24FCDF0700BD11C0 /* DetailSoiCauLotoViewController.swift in Sources */,
				EF7D17AA24FCBF4200BD11C0 /* MienTrungNam2ItemCollectionViewCell.swift in Sources */,
				EFFCB8EA24FBA6C6000A880D /* RegisterViewController.swift in Sources */,
				EFFCB8D524FBA619000A880D /* AppDelegate.swift in Sources */,
				EF7D17D924FCFF5200BD11C0 /* TotalCollectionViewCell.swift in Sources */,
				EF72EA6424FBEF23001615E4 /* MienTrungNamViewController.swift in Sources */,
				EFFCB8D724FBA619000A880D /* SceneDelegate.swift in Sources */,
				EF7D17CD24FCF5DB00BD11C0 /* NavigationBarView.swift in Sources */,
			);
			runOnlyForDeploymentPostprocessing = 0;
		};
/* End PBXSourcesBuildPhase section */

/* Begin PBXVariantGroup section */
		EFFCB8DF24FBA61B000A880D /* LaunchScreen.storyboard */ = {
			isa = PBXVariantGroup;
			children = (
				EFFCB8E024FBA61B000A880D /* Base */,
			);
			name = LaunchScreen.storyboard;
			sourceTree = "<group>";
		};
/* End PBXVariantGroup section */

/* Begin XCBuildConfiguration section */
		EFFCB8E324FBA61B000A880D /* Debug */ = {
			isa = XCBuildConfiguration;
			buildSettings = {
				ALWAYS_SEARCH_USER_PATHS = NO;
				CLANG_ANALYZER_NONNULL = YES;
				CLANG_ANALYZER_NUMBER_OBJECT_CONVERSION = YES_AGGRESSIVE;
				CLANG_CXX_LANGUAGE_STANDARD = "gnu++14";
				CLANG_CXX_LIBRARY = "libc++";
				CLANG_ENABLE_MODULES = YES;
				CLANG_ENABLE_OBJC_ARC = YES;
				CLANG_ENABLE_OBJC_WEAK = YES;
				CLANG_WARN_BLOCK_CAPTURE_AUTORELEASING = YES;
				CLANG_WARN_BOOL_CONVERSION = YES;
				CLANG_WARN_COMMA = YES;
				CLANG_WARN_CONSTANT_CONVERSION = YES;
				CLANG_WARN_DEPRECATED_OBJC_IMPLEMENTATIONS = YES;
				CLANG_WARN_DIRECT_OBJC_ISA_USAGE = YES_ERROR;
				CLANG_WARN_DOCUMENTATION_COMMENTS = YES;
				CLANG_WARN_EMPTY_BODY = YES;
				CLANG_WARN_ENUM_CONVERSION = YES;
				CLANG_WARN_INFINITE_RECURSION = YES;
				CLANG_WARN_INT_CONVERSION = YES;
				CLANG_WARN_NON_LITERAL_NULL_CONVERSION = YES;
				CLANG_WARN_OBJC_IMPLICIT_RETAIN_SELF = YES;
				CLANG_WARN_OBJC_LITERAL_CONVERSION = YES;
				CLANG_WARN_OBJC_ROOT_CLASS = YES_ERROR;
				CLANG_WARN_RANGE_LOOP_ANALYSIS = YES;
				CLANG_WARN_STRICT_PROTOTYPES = YES;
				CLANG_WARN_SUSPICIOUS_MOVE = YES;
				CLANG_WARN_UNGUARDED_AVAILABILITY = YES_AGGRESSIVE;
				CLANG_WARN_UNREACHABLE_CODE = YES;
				CLANG_WARN__DUPLICATE_METHOD_MATCH = YES;
				COPY_PHASE_STRIP = NO;
				DEBUG_INFORMATION_FORMAT = dwarf;
				ENABLE_STRICT_OBJC_MSGSEND = YES;
				ENABLE_TESTABILITY = YES;
				GCC_C_LANGUAGE_STANDARD = gnu11;
				GCC_DYNAMIC_NO_PIC = NO;
				GCC_NO_COMMON_BLOCKS = YES;
				GCC_OPTIMIZATION_LEVEL = 0;
				GCC_PREPROCESSOR_DEFINITIONS = (
					"DEBUG=1",
					"$(inherited)",
				);
				GCC_WARN_64_TO_32_BIT_CONVERSION = YES;
				GCC_WARN_ABOUT_RETURN_TYPE = YES_ERROR;
				GCC_WARN_UNDECLARED_SELECTOR = YES;
				GCC_WARN_UNINITIALIZED_AUTOS = YES_AGGRESSIVE;
				GCC_WARN_UNUSED_FUNCTION = YES;
				GCC_WARN_UNUSED_VARIABLE = YES;
				IPHONEOS_DEPLOYMENT_TARGET = 13.2;
				MTL_ENABLE_DEBUG_INFO = INCLUDE_SOURCE;
				MTL_FAST_MATH = YES;
				ONLY_ACTIVE_ARCH = YES;
				SDKROOT = iphoneos;
				SWIFT_ACTIVE_COMPILATION_CONDITIONS = DEBUG;
				SWIFT_OPTIMIZATION_LEVEL = "-Onone";
			};
			name = Debug;
		};
		EFFCB8E424FBA61B000A880D /* Release */ = {
			isa = XCBuildConfiguration;
			buildSettings = {
				ALWAYS_SEARCH_USER_PATHS = NO;
				CLANG_ANALYZER_NONNULL = YES;
				CLANG_ANALYZER_NUMBER_OBJECT_CONVERSION = YES_AGGRESSIVE;
				CLANG_CXX_LANGUAGE_STANDARD = "gnu++14";
				CLANG_CXX_LIBRARY = "libc++";
				CLANG_ENABLE_MODULES = YES;
				CLANG_ENABLE_OBJC_ARC = YES;
				CLANG_ENABLE_OBJC_WEAK = YES;
				CLANG_WARN_BLOCK_CAPTURE_AUTORELEASING = YES;
				CLANG_WARN_BOOL_CONVERSION = YES;
				CLANG_WARN_COMMA = YES;
				CLANG_WARN_CONSTANT_CONVERSION = YES;
				CLANG_WARN_DEPRECATED_OBJC_IMPLEMENTATIONS = YES;
				CLANG_WARN_DIRECT_OBJC_ISA_USAGE = YES_ERROR;
				CLANG_WARN_DOCUMENTATION_COMMENTS = YES;
				CLANG_WARN_EMPTY_BODY = YES;
				CLANG_WARN_ENUM_CONVERSION = YES;
				CLANG_WARN_INFINITE_RECURSION = YES;
				CLANG_WARN_INT_CONVERSION = YES;
				CLANG_WARN_NON_LITERAL_NULL_CONVERSION = YES;
				CLANG_WARN_OBJC_IMPLICIT_RETAIN_SELF = YES;
				CLANG_WARN_OBJC_LITERAL_CONVERSION = YES;
				CLANG_WARN_OBJC_ROOT_CLASS = YES_ERROR;
				CLANG_WARN_RANGE_LOOP_ANALYSIS = YES;
				CLANG_WARN_STRICT_PROTOTYPES = YES;
				CLANG_WARN_SUSPICIOUS_MOVE = YES;
				CLANG_WARN_UNGUARDED_AVAILABILITY = YES_AGGRESSIVE;
				CLANG_WARN_UNREACHABLE_CODE = YES;
				CLANG_WARN__DUPLICATE_METHOD_MATCH = YES;
				COPY_PHASE_STRIP = NO;
				DEBUG_INFORMATION_FORMAT = "dwarf-with-dsym";
				ENABLE_NS_ASSERTIONS = NO;
				ENABLE_STRICT_OBJC_MSGSEND = YES;
				GCC_C_LANGUAGE_STANDARD = gnu11;
				GCC_NO_COMMON_BLOCKS = YES;
				GCC_WARN_64_TO_32_BIT_CONVERSION = YES;
				GCC_WARN_ABOUT_RETURN_TYPE = YES_ERROR;
				GCC_WARN_UNDECLARED_SELECTOR = YES;
				GCC_WARN_UNINITIALIZED_AUTOS = YES_AGGRESSIVE;
				GCC_WARN_UNUSED_FUNCTION = YES;
				GCC_WARN_UNUSED_VARIABLE = YES;
				IPHONEOS_DEPLOYMENT_TARGET = 13.2;
				MTL_ENABLE_DEBUG_INFO = NO;
				MTL_FAST_MATH = YES;
				SDKROOT = iphoneos;
				SWIFT_COMPILATION_MODE = wholemodule;
				SWIFT_OPTIMIZATION_LEVEL = "-O";
				VALIDATE_PRODUCT = YES;
			};
			name = Release;
		};
		EFFCB8E624FBA61B000A880D /* Debug */ = {
			isa = XCBuildConfiguration;
			baseConfigurationReference = 714936510DBAD84E8B1D7ACF /* Pods-Loto.debug.xcconfig */;
			buildSettings = {
				ASSETCATALOG_COMPILER_APPICON_NAME = AppIcon;
				CODE_SIGN_STYLE = Automatic;
				INFOPLIST_FILE = Loto/Info.plist;
				LD_RUNPATH_SEARCH_PATHS = (
					"$(inherited)",
					"@executable_path/Frameworks",
				);
				PRODUCT_BUNDLE_IDENTIFIER = "-.Loto";
				PRODUCT_NAME = "$(TARGET_NAME)";
				SWIFT_VERSION = 5.0;
				TARGETED_DEVICE_FAMILY = "1,2";
			};
			name = Debug;
		};
		EFFCB8E724FBA61B000A880D /* Release */ = {
			isa = XCBuildConfiguration;
			baseConfigurationReference = FA585DE15B1797A05CB0C903 /* Pods-Loto.release.xcconfig */;
			buildSettings = {
				ASSETCATALOG_COMPILER_APPICON_NAME = AppIcon;
				CODE_SIGN_STYLE = Automatic;
				INFOPLIST_FILE = Loto/Info.plist;
				LD_RUNPATH_SEARCH_PATHS = (
					"$(inherited)",
					"@executable_path/Frameworks",
				);
				PRODUCT_BUNDLE_IDENTIFIER = "-.Loto";
				PRODUCT_NAME = "$(TARGET_NAME)";
				SWIFT_VERSION = 5.0;
				TARGETED_DEVICE_FAMILY = "1,2";
			};
			name = Release;
		};
/* End XCBuildConfiguration section */

/* Begin XCConfigurationList section */
		EFFCB8CC24FBA619000A880D /* Build configuration list for PBXProject "Loto" */ = {
			isa = XCConfigurationList;
			buildConfigurations = (
				EFFCB8E324FBA61B000A880D /* Debug */,
				EFFCB8E424FBA61B000A880D /* Release */,
			);
			defaultConfigurationIsVisible = 0;
			defaultConfigurationName = Release;
		};
		EFFCB8E524FBA61B000A880D /* Build configuration list for PBXNativeTarget "Loto" */ = {
			isa = XCConfigurationList;
			buildConfigurations = (
				EFFCB8E624FBA61B000A880D /* Debug */,
				EFFCB8E724FBA61B000A880D /* Release */,
			);
			defaultConfigurationIsVisible = 0;
			defaultConfigurationName = Release;
		};
/* End XCConfigurationList section */
	};
	rootObject = EFFCB8C924FBA619000A880D /* Project object */;
}
