// !$*UTF8*$!
{
	archiveVersion = 1;
	classes = {
	};
	objectVersion = 50;
	objects = {

/* Begin PBXBuildFile section */
		5A3AB22F24ED933500F626C7 /* zData.swift in Sources */ = {isa = PBXBuildFile; fileRef = 5A3AB22E24ED933500F626C7 /* zData.swift */; };
		5AF8A37424C4C53D000D2843 /* AppDelegate.swift in Sources */ = {isa = PBXBuildFile; fileRef = 5AF8A37324C4C53D000D2843 /* AppDelegate.swift */; };
		5AF8A37624C4C53D000D2843 /* SceneDelegate.swift in Sources */ = {isa = PBXBuildFile; fileRef = 5AF8A37524C4C53D000D2843 /* SceneDelegate.swift */; };
		5AF8A37824C4C53D000D2843 /* ContentView.swift in Sources */ = {isa = PBXBuildFile; fileRef = 5AF8A37724C4C53D000D2843 /* ContentView.swift */; };
		5AF8A37A24C4C53E000D2843 /* Assets.xcassets in Resources */ = {isa = PBXBuildFile; fileRef = 5AF8A37924C4C53E000D2843 /* Assets.xcassets */; };
		5AF8A37D24C4C53E000D2843 /* Preview Assets.xcassets in Resources */ = {isa = PBXBuildFile; fileRef = 5AF8A37C24C4C53E000D2843 /* Preview Assets.xcassets */; };
		5AF8A38024C4C53E000D2843 /* LaunchScreen.storyboard in Resources */ = {isa = PBXBuildFile; fileRef = 5AF8A37E24C4C53E000D2843 /* LaunchScreen.storyboard */; };
		5AF8A38924C4C5EC000D2843 /* API.swift in Sources */ = {isa = PBXBuildFile; fileRef = 5AF8A38824C4C5EC000D2843 /* API.swift */; };
		A5AF3D6E6979B3185DBDA9D1 /* libPods-BaseIOS.a in Frameworks */ = {isa = PBXBuildFile; fileRef = F30B95F02C82A27D7DDE33AA /* libPods-BaseIOS.a */; };
		EF707F4424C542F500B7770F /* Current.swift in Sources */ = {isa = PBXBuildFile; fileRef = EF707F4324C542F500B7770F /* Current.swift */; };
		EF707F4624C545D300B7770F /* DataUser.swift in Sources */ = {isa = PBXBuildFile; fileRef = EF707F4524C545D300B7770F /* DataUser.swift */; };
		EF707F4824C5468000B7770F /* Forecast.swift in Sources */ = {isa = PBXBuildFile; fileRef = EF707F4724C5468000B7770F /* Forecast.swift */; };
		EF707F4A24C5470E00B7770F /* Location.swift in Sources */ = {isa = PBXBuildFile; fileRef = EF707F4924C5470E00B7770F /* Location.swift */; };
		EF707F5124C58D7D00B7770F /* ExtensionApplication.swift in Sources */ = {isa = PBXBuildFile; fileRef = EF707F5024C58D7D00B7770F /* ExtensionApplication.swift */; };
		EF707F5324C58DAC00B7770F /* ExtensionViewController.swift in Sources */ = {isa = PBXBuildFile; fileRef = EF707F5224C58DAC00B7770F /* ExtensionViewController.swift */; };
		EF7301D924E994ED00DE3A9A /* DetailViewController.swift in Sources */ = {isa = PBXBuildFile; fileRef = EF7301D724E994EC00DE3A9A /* DetailViewController.swift */; };
		EF7301DA24E994ED00DE3A9A /* DetailViewController.xib in Resources */ = {isa = PBXBuildFile; fileRef = EF7301D824E994EC00DE3A9A /* DetailViewController.xib */; };
		EF7309C224E9B945007DBDD8 /* NhanVienParam.swift in Sources */ = {isa = PBXBuildFile; fileRef = EF7309C124E9B945007DBDD8 /* NhanVienParam.swift */; };
		EFC0A93724E46937006A093D /* NavigationBarView.xib in Resources */ = {isa = PBXBuildFile; fileRef = EFC0A93624E46937006A093D /* NavigationBarView.xib */; };
		EFC0A93A24E47259006A093D /* Constant.swift in Sources */ = {isa = PBXBuildFile; fileRef = EFC0A93924E47259006A093D /* Constant.swift */; };
		EFC0A93C24E47282006A093D /* DeviceManager.swift in Sources */ = {isa = PBXBuildFile; fileRef = EFC0A93B24E47282006A093D /* DeviceManager.swift */; };
		EFC635C624E97DA700F81F57 /* HomeTableViewCell.swift in Sources */ = {isa = PBXBuildFile; fileRef = EFC635C424E97DA700F81F57 /* HomeTableViewCell.swift */; };
		EFC635C724E97DA700F81F57 /* HomeTableViewCell.xib in Resources */ = {isa = PBXBuildFile; fileRef = EFC635C524E97DA700F81F57 /* HomeTableViewCell.xib */; };
		EFD45E9E24E4616C0003DECF /* BaseViewController.swift in Sources */ = {isa = PBXBuildFile; fileRef = EFD45E9D24E4616C0003DECF /* BaseViewController.swift */; };
		EFD45EA024E461C90003DECF /* BaseHeaderTableView.swift in Sources */ = {isa = PBXBuildFile; fileRef = EFD45E9F24E461C90003DECF /* BaseHeaderTableView.swift */; };
		EFD45EA224E461DC0003DECF /* BaseTableController.swift in Sources */ = {isa = PBXBuildFile; fileRef = EFD45EA124E461DC0003DECF /* BaseTableController.swift */; };
		EFD45EA424E462030003DECF /* BaseTableViewCell.swift in Sources */ = {isa = PBXBuildFile; fileRef = EFD45EA324E462030003DECF /* BaseTableViewCell.swift */; };
		EFD45EA624E4623F0003DECF /* MainViewController.swift in Sources */ = {isa = PBXBuildFile; fileRef = EFD45EA524E4623F0003DECF /* MainViewController.swift */; };
		EFD45EAD24E464010003DECF /* HomeViewController.swift in Sources */ = {isa = PBXBuildFile; fileRef = EFD45EAB24E464010003DECF /* HomeViewController.swift */; };
		EFD45EAE24E464010003DECF /* HomeViewController.xib in Resources */ = {isa = PBXBuildFile; fileRef = EFD45EAC24E464010003DECF /* HomeViewController.xib */; };
		EFD45EB124E4686C0003DECF /* NavigationBarView.swift in Sources */ = {isa = PBXBuildFile; fileRef = EFD45EB024E4686C0003DECF /* NavigationBarView.swift */; };
		EFD6DBFB24D7AF8A00677864 /* NhanVien.swift in Sources */ = {isa = PBXBuildFile; fileRef = EFD6DBFA24D7AF8A00677864 /* NhanVien.swift */; };
		EFD6DC0424D7C72C00677864 /* BaseModel.swift in Sources */ = {isa = PBXBuildFile; fileRef = EFD6DC0324D7C72C00677864 /* BaseModel.swift */; };
/* End PBXBuildFile section */

/* Begin PBXFileReference section */
		12E1443085D660D4B737CD53 /* Pods-BaseIOS.debug.xcconfig */ = {isa = PBXFileReference; includeInIndex = 1; lastKnownFileType = text.xcconfig; name = "Pods-BaseIOS.debug.xcconfig"; path = "Target Support Files/Pods-BaseIOS/Pods-BaseIOS.debug.xcconfig"; sourceTree = "<group>"; };
		5A3AB22E24ED933500F626C7 /* zData.swift */ = {isa = PBXFileReference; lastKnownFileType = sourcecode.swift; path = zData.swift; sourceTree = "<group>"; };
		5AF8A37024C4C53D000D2843 /* BaseIOS.app */ = {isa = PBXFileReference; explicitFileType = wrapper.application; includeInIndex = 0; path = BaseIOS.app; sourceTree = BUILT_PRODUCTS_DIR; };
		5AF8A37324C4C53D000D2843 /* AppDelegate.swift */ = {isa = PBXFileReference; lastKnownFileType = sourcecode.swift; path = AppDelegate.swift; sourceTree = "<group>"; };
		5AF8A37524C4C53D000D2843 /* SceneDelegate.swift */ = {isa = PBXFileReference; lastKnownFileType = sourcecode.swift; path = SceneDelegate.swift; sourceTree = "<group>"; };
		5AF8A37724C4C53D000D2843 /* ContentView.swift */ = {isa = PBXFileReference; lastKnownFileType = sourcecode.swift; path = ContentView.swift; sourceTree = "<group>"; };
		5AF8A37924C4C53E000D2843 /* Assets.xcassets */ = {isa = PBXFileReference; lastKnownFileType = folder.assetcatalog; path = Assets.xcassets; sourceTree = "<group>"; };
		5AF8A37C24C4C53E000D2843 /* Preview Assets.xcassets */ = {isa = PBXFileReference; lastKnownFileType = folder.assetcatalog; path = "Preview Assets.xcassets"; sourceTree = "<group>"; };
		5AF8A37F24C4C53E000D2843 /* Base */ = {isa = PBXFileReference; lastKnownFileType = file.storyboard; name = Base; path = Base.lproj/LaunchScreen.storyboard; sourceTree = "<group>"; };
		5AF8A38124C4C53E000D2843 /* Info.plist */ = {isa = PBXFileReference; lastKnownFileType = text.plist.xml; path = Info.plist; sourceTree = "<group>"; };
		5AF8A38824C4C5EC000D2843 /* API.swift */ = {isa = PBXFileReference; lastKnownFileType = sourcecode.swift; path = API.swift; sourceTree = "<group>"; };
		8A967B027AEEB597DC46318C /* Pods-BaseIOS.release.xcconfig */ = {isa = PBXFileReference; includeInIndex = 1; lastKnownFileType = text.xcconfig; name = "Pods-BaseIOS.release.xcconfig"; path = "Target Support Files/Pods-BaseIOS/Pods-BaseIOS.release.xcconfig"; sourceTree = "<group>"; };
		EF707F4324C542F500B7770F /* Current.swift */ = {isa = PBXFileReference; lastKnownFileType = sourcecode.swift; path = Current.swift; sourceTree = "<group>"; };
		EF707F4524C545D300B7770F /* DataUser.swift */ = {isa = PBXFileReference; lastKnownFileType = sourcecode.swift; path = DataUser.swift; sourceTree = "<group>"; };
		EF707F4724C5468000B7770F /* Forecast.swift */ = {isa = PBXFileReference; lastKnownFileType = sourcecode.swift; path = Forecast.swift; sourceTree = "<group>"; };
		EF707F4924C5470E00B7770F /* Location.swift */ = {isa = PBXFileReference; lastKnownFileType = sourcecode.swift; path = Location.swift; sourceTree = "<group>"; };
		EF707F5024C58D7D00B7770F /* ExtensionApplication.swift */ = {isa = PBXFileReference; lastKnownFileType = sourcecode.swift; path = ExtensionApplication.swift; sourceTree = "<group>"; };
		EF707F5224C58DAC00B7770F /* ExtensionViewController.swift */ = {isa = PBXFileReference; lastKnownFileType = sourcecode.swift; path = ExtensionViewController.swift; sourceTree = "<group>"; };
		EF7301D724E994EC00DE3A9A /* DetailViewController.swift */ = {isa = PBXFileReference; lastKnownFileType = sourcecode.swift; path = DetailViewController.swift; sourceTree = "<group>"; };
		EF7301D824E994EC00DE3A9A /* DetailViewController.xib */ = {isa = PBXFileReference; lastKnownFileType = file.xib; path = DetailViewController.xib; sourceTree = "<group>"; };
		EF7309C124E9B945007DBDD8 /* NhanVienParam.swift */ = {isa = PBXFileReference; lastKnownFileType = sourcecode.swift; path = NhanVienParam.swift; sourceTree = "<group>"; };
		EFC0A93624E46937006A093D /* NavigationBarView.xib */ = {isa = PBXFileReference; lastKnownFileType = file.xib; path = NavigationBarView.xib; sourceTree = "<group>"; };
		EFC0A93924E47259006A093D /* Constant.swift */ = {isa = PBXFileReference; lastKnownFileType = sourcecode.swift; path = Constant.swift; sourceTree = "<group>"; };
		EFC0A93B24E47282006A093D /* DeviceManager.swift */ = {isa = PBXFileReference; lastKnownFileType = sourcecode.swift; path = DeviceManager.swift; sourceTree = "<group>"; };
		EFC635C424E97DA700F81F57 /* HomeTableViewCell.swift */ = {isa = PBXFileReference; lastKnownFileType = sourcecode.swift; path = HomeTableViewCell.swift; sourceTree = "<group>"; };
		EFC635C524E97DA700F81F57 /* HomeTableViewCell.xib */ = {isa = PBXFileReference; lastKnownFileType = file.xib; path = HomeTableViewCell.xib; sourceTree = "<group>"; };
		EFD45E9D24E4616C0003DECF /* BaseViewController.swift */ = {isa = PBXFileReference; lastKnownFileType = sourcecode.swift; path = BaseViewController.swift; sourceTree = "<group>"; };
		EFD45E9F24E461C90003DECF /* BaseHeaderTableView.swift */ = {isa = PBXFileReference; lastKnownFileType = sourcecode.swift; path = BaseHeaderTableView.swift; sourceTree = "<group>"; };
		EFD45EA124E461DC0003DECF /* BaseTableController.swift */ = {isa = PBXFileReference; lastKnownFileType = sourcecode.swift; path = BaseTableController.swift; sourceTree = "<group>"; };
		EFD45EA324E462030003DECF /* BaseTableViewCell.swift */ = {isa = PBXFileReference; lastKnownFileType = sourcecode.swift; path = BaseTableViewCell.swift; sourceTree = "<group>"; };
		EFD45EA524E4623F0003DECF /* MainViewController.swift */ = {isa = PBXFileReference; lastKnownFileType = sourcecode.swift; path = MainViewController.swift; sourceTree = "<group>"; };
		EFD45EAB24E464010003DECF /* HomeViewController.swift */ = {isa = PBXFileReference; lastKnownFileType = sourcecode.swift; path = HomeViewController.swift; sourceTree = "<group>"; };
		EFD45EAC24E464010003DECF /* HomeViewController.xib */ = {isa = PBXFileReference; lastKnownFileType = file.xib; path = HomeViewController.xib; sourceTree = "<group>"; };
		EFD45EB024E4686C0003DECF /* NavigationBarView.swift */ = {isa = PBXFileReference; lastKnownFileType = sourcecode.swift; path = NavigationBarView.swift; sourceTree = "<group>"; };
		EFD6DBFA24D7AF8A00677864 /* NhanVien.swift */ = {isa = PBXFileReference; lastKnownFileType = sourcecode.swift; path = NhanVien.swift; sourceTree = "<group>"; };
		EFD6DC0324D7C72C00677864 /* BaseModel.swift */ = {isa = PBXFileReference; lastKnownFileType = sourcecode.swift; path = BaseModel.swift; sourceTree = "<group>"; };
		F30B95F02C82A27D7DDE33AA /* libPods-BaseIOS.a */ = {isa = PBXFileReference; explicitFileType = archive.ar; includeInIndex = 0; path = "libPods-BaseIOS.a"; sourceTree = BUILT_PRODUCTS_DIR; };
/* End PBXFileReference section */

/* Begin PBXFrameworksBuildPhase section */
		5AF8A36D24C4C53D000D2843 /* Frameworks */ = {
			isa = PBXFrameworksBuildPhase;
			buildActionMask = 2147483647;
			files = (
				A5AF3D6E6979B3185DBDA9D1 /* libPods-BaseIOS.a in Frameworks */,
			);
			runOnlyForDeploymentPostprocessing = 0;
		};
/* End PBXFrameworksBuildPhase section */

/* Begin PBXGroup section */
		5AF8A36724C4C53D000D2843 = {
			isa = PBXGroup;
			children = (
				EFC0A93824E47246006A093D /* Common */,
				5AF8A37224C4C53D000D2843 /* BaseIOS */,
				5AF8A37124C4C53D000D2843 /* Products */,
				69D607CF2A60EA08AA739EC7 /* Pods */,
				DDA62FC040ABB980E0521469 /* Frameworks */,
			);
			sourceTree = "<group>";
		};
		5AF8A37124C4C53D000D2843 /* Products */ = {
			isa = PBXGroup;
			children = (
				5AF8A37024C4C53D000D2843 /* BaseIOS.app */,
			);
			name = Products;
			sourceTree = "<group>";
		};
		5AF8A37224C4C53D000D2843 /* BaseIOS */ = {
			isa = PBXGroup;
			children = (
				5AF8A37324C4C53D000D2843 /* AppDelegate.swift */,
				5AF8A37524C4C53D000D2843 /* SceneDelegate.swift */,
				EF707F4224C542DC00B7770F /* Model */,
				5AF8A38724C4C5DD000D2843 /* Manager */,
				EF707F4B24C5850500B7770F /* ViewController */,
				EF707F4F24C58D0200B7770F /* Extension */,
				EFD45E9C24E4613B0003DECF /* BaseClass */,
				5AF8A37724C4C53D000D2843 /* ContentView.swift */,
				5AF8A37924C4C53E000D2843 /* Assets.xcassets */,
				5AF8A37E24C4C53E000D2843 /* LaunchScreen.storyboard */,
				5AF8A38124C4C53E000D2843 /* Info.plist */,
				5AF8A37B24C4C53E000D2843 /* Preview Content */,
			);
			path = BaseIOS;
			sourceTree = "<group>";
		};
		5AF8A37B24C4C53E000D2843 /* Preview Content */ = {
			isa = PBXGroup;
			children = (
				5AF8A37C24C4C53E000D2843 /* Preview Assets.xcassets */,
			);
			path = "Preview Content";
			sourceTree = "<group>";
		};
		5AF8A38724C4C5DD000D2843 /* Manager */ = {
			isa = PBXGroup;
			children = (
				5AF8A38824C4C5EC000D2843 /* API.swift */,
			);
			path = Manager;
			sourceTree = "<group>";
		};
		69D607CF2A60EA08AA739EC7 /* Pods */ = {
			isa = PBXGroup;
			children = (
				12E1443085D660D4B737CD53 /* Pods-BaseIOS.debug.xcconfig */,
				8A967B027AEEB597DC46318C /* Pods-BaseIOS.release.xcconfig */,
			);
			path = Pods;
			sourceTree = "<group>";
		};
		DDA62FC040ABB980E0521469 /* Frameworks */ = {
			isa = PBXGroup;
			children = (
				F30B95F02C82A27D7DDE33AA /* libPods-BaseIOS.a */,
			);
			name = Frameworks;
			sourceTree = "<group>";
		};
		EF707F4224C542DC00B7770F /* Model */ = {
			isa = PBXGroup;
			children = (
				EFD6DC0224D7C71400677864 /* BaseModel */,
				EFD6DBF924D7AF4E00677864 /* ModelQLNV */,
				EF707F4324C542F500B7770F /* Current.swift */,
				EF707F4524C545D300B7770F /* DataUser.swift */,
				EF707F4724C5468000B7770F /* Forecast.swift */,
				EF707F4924C5470E00B7770F /* Location.swift */,
			);
			path = Model;
			sourceTree = "<group>";
		};
		EF707F4B24C5850500B7770F /* ViewController */ = {
			isa = PBXGroup;
			children = (
				EF707F4E24C5886400B7770F /* Controller */,
				EFD45EAB24E464010003DECF /* HomeViewController.swift */,
				EFD45EAC24E464010003DECF /* HomeViewController.xib */,
				EF7301D724E994EC00DE3A9A /* DetailViewController.swift */,
				EF7301D824E994EC00DE3A9A /* DetailViewController.xib */,
				5A3AB22E24ED933500F626C7 /* zData.swift */,
			);
			path = ViewController;
			sourceTree = "<group>";
		};
		EF707F4E24C5886400B7770F /* Controller */ = {
			isa = PBXGroup;
			children = (
				EFC635C424E97DA700F81F57 /* HomeTableViewCell.swift */,
				EFC635C524E97DA700F81F57 /* HomeTableViewCell.xib */,
			);
			path = Controller;
			sourceTree = "<group>";
		};
		EF707F4F24C58D0200B7770F /* Extension */ = {
			isa = PBXGroup;
			children = (
				EF707F5024C58D7D00B7770F /* ExtensionApplication.swift */,
				EF707F5224C58DAC00B7770F /* ExtensionViewController.swift */,
			);
			path = Extension;
			sourceTree = "<group>";
		};
		EFC0A93824E47246006A093D /* Common */ = {
			isa = PBXGroup;
			children = (
				EFC0A93924E47259006A093D /* Constant.swift */,
				EFC0A93B24E47282006A093D /* DeviceManager.swift */,
			);
			path = Common;
			sourceTree = "<group>";
		};
		EFD45E9C24E4613B0003DECF /* BaseClass */ = {
			isa = PBXGroup;
			children = (
				EFD45E9D24E4616C0003DECF /* BaseViewController.swift */,
				EFD45E9F24E461C90003DECF /* BaseHeaderTableView.swift */,
				EFD45EA124E461DC0003DECF /* BaseTableController.swift */,
				EFD45EA324E462030003DECF /* BaseTableViewCell.swift */,
				EFD45EA524E4623F0003DECF /* MainViewController.swift */,
				EFD45EAF24E468150003DECF /* NavigationBarView */,
			);
			path = BaseClass;
			sourceTree = "<group>";
		};
		EFD45EAF24E468150003DECF /* NavigationBarView */ = {
			isa = PBXGroup;
			children = (
				EFD45EB024E4686C0003DECF /* NavigationBarView.swift */,
				EFC0A93624E46937006A093D /* NavigationBarView.xib */,
			);
			path = NavigationBarView;
			sourceTree = "<group>";
		};
		EFD6DBF924D7AF4E00677864 /* ModelQLNV */ = {
			isa = PBXGroup;
			children = (
				EFD6DC0324D7C72C00677864 /* BaseModel.swift */,
				EFD6DBFA24D7AF8A00677864 /* NhanVien.swift */,
				EF7309C124E9B945007DBDD8 /* NhanVienParam.swift */,
			);
			path = ModelQLNV;
			sourceTree = "<group>";
		};
		EFD6DC0224D7C71400677864 /* BaseModel */ = {
			isa = PBXGroup;
			children = (
			);
			path = BaseModel;
			sourceTree = "<group>";
		};
/* End PBXGroup section */

/* Begin PBXNativeTarget section */
		5AF8A36F24C4C53D000D2843 /* BaseIOS */ = {
			isa = PBXNativeTarget;
			buildConfigurationList = 5AF8A38424C4C53E000D2843 /* Build configuration list for PBXNativeTarget "BaseIOS" */;
			buildPhases = (
				50027C81F002688C7F8CF7C8 /* [CP] Check Pods Manifest.lock */,
				5AF8A36C24C4C53D000D2843 /* Sources */,
				5AF8A36D24C4C53D000D2843 /* Frameworks */,
				5AF8A36E24C4C53D000D2843 /* Resources */,
			);
			buildRules = (
			);
			dependencies = (
			);
			name = BaseIOS;
			productName = BaseIOS;
			productReference = 5AF8A37024C4C53D000D2843 /* BaseIOS.app */;
			productType = "com.apple.product-type.application";
		};
/* End PBXNativeTarget section */

/* Begin PBXProject section */
		5AF8A36824C4C53D000D2843 /* Project object */ = {
			isa = PBXProject;
			attributes = {
				LastSwiftUpdateCheck = 1160;
				LastUpgradeCheck = 1160;
				ORGANIZATIONNAME = "Hoàng Nam";
				TargetAttributes = {
					5AF8A36F24C4C53D000D2843 = {
						CreatedOnToolsVersion = 11.6;
					};
				};
			};
			buildConfigurationList = 5AF8A36B24C4C53D000D2843 /* Build configuration list for PBXProject "BaseIOS" */;
			compatibilityVersion = "Xcode 9.3";
			developmentRegion = en;
			hasScannedForEncodings = 0;
			knownRegions = (
				en,
				Base,
			);
			mainGroup = 5AF8A36724C4C53D000D2843;
			productRefGroup = 5AF8A37124C4C53D000D2843 /* Products */;
			projectDirPath = "";
			projectRoot = "";
			targets = (
				5AF8A36F24C4C53D000D2843 /* BaseIOS */,
			);
		};
/* End PBXProject section */

/* Begin PBXResourcesBuildPhase section */
		5AF8A36E24C4C53D000D2843 /* Resources */ = {
			isa = PBXResourcesBuildPhase;
			buildActionMask = 2147483647;
			files = (
				5AF8A38024C4C53E000D2843 /* LaunchScreen.storyboard in Resources */,
				5AF8A37D24C4C53E000D2843 /* Preview Assets.xcassets in Resources */,
				EF7301DA24E994ED00DE3A9A /* DetailViewController.xib in Resources */,
				5AF8A37A24C4C53E000D2843 /* Assets.xcassets in Resources */,
				EFD45EAE24E464010003DECF /* HomeViewController.xib in Resources */,
				EFC635C724E97DA700F81F57 /* HomeTableViewCell.xib in Resources */,
				EFC0A93724E46937006A093D /* NavigationBarView.xib in Resources */,
			);
			runOnlyForDeploymentPostprocessing = 0;
		};
/* End PBXResourcesBuildPhase section */

/* Begin PBXShellScriptBuildPhase section */
		50027C81F002688C7F8CF7C8 /* [CP] Check Pods Manifest.lock */ = {
			isa = PBXShellScriptBuildPhase;
			buildActionMask = 2147483647;
			files = (
			);
			inputFileListPaths = (
			);
			inputPaths = (
				"${PODS_PODFILE_DIR_PATH}/Podfile.lock",
				"${PODS_ROOT}/Manifest.lock",
			);
			name = "[CP] Check Pods Manifest.lock";
			outputFileListPaths = (
			);
			outputPaths = (
				"$(DERIVED_FILE_DIR)/Pods-BaseIOS-checkManifestLockResult.txt",
			);
			runOnlyForDeploymentPostprocessing = 0;
			shellPath = /bin/sh;
			shellScript = "diff \"${PODS_PODFILE_DIR_PATH}/Podfile.lock\" \"${PODS_ROOT}/Manifest.lock\" > /dev/null\nif [ $? != 0 ] ; then\n    # print error to STDERR\n    echo \"error: The sandbox is not in sync with the Podfile.lock. Run 'pod install' or update your CocoaPods installation.\" >&2\n    exit 1\nfi\n# This output is used by Xcode 'outputs' to avoid re-running this script phase.\necho \"SUCCESS\" > \"${SCRIPT_OUTPUT_FILE_0}\"\n";
			showEnvVarsInLog = 0;
		};
/* End PBXShellScriptBuildPhase section */

/* Begin PBXSourcesBuildPhase section */
		5AF8A36C24C4C53D000D2843 /* Sources */ = {
			isa = PBXSourcesBuildPhase;
			buildActionMask = 2147483647;
			files = (
				EF707F5124C58D7D00B7770F /* ExtensionApplication.swift in Sources */,
				5AF8A37424C4C53D000D2843 /* AppDelegate.swift in Sources */,
				EF7301D924E994ED00DE3A9A /* DetailViewController.swift in Sources */,
				EFD6DC0424D7C72C00677864 /* BaseModel.swift in Sources */,
				5A3AB22F24ED933500F626C7 /* zData.swift in Sources */,
				EFD45EA424E462030003DECF /* BaseTableViewCell.swift in Sources */,
				EF707F4424C542F500B7770F /* Current.swift in Sources */,
				EFD45EAD24E464010003DECF /* HomeViewController.swift in Sources */,
				EF707F4A24C5470E00B7770F /* Location.swift in Sources */,
				EFD45EA224E461DC0003DECF /* BaseTableController.swift in Sources */,
				EF707F5324C58DAC00B7770F /* ExtensionViewController.swift in Sources */,
				EFC0A93C24E47282006A093D /* DeviceManager.swift in Sources */,
				EF707F4824C5468000B7770F /* Forecast.swift in Sources */,
				EFD6DBFB24D7AF8A00677864 /* NhanVien.swift in Sources */,
				EF707F4624C545D300B7770F /* DataUser.swift in Sources */,
				5AF8A37624C4C53D000D2843 /* SceneDelegate.swift in Sources */,
				EFC0A93A24E47259006A093D /* Constant.swift in Sources */,
				EFD45EB124E4686C0003DECF /* NavigationBarView.swift in Sources */,
				EFC635C624E97DA700F81F57 /* HomeTableViewCell.swift in Sources */,
				EFD45E9E24E4616C0003DECF /* BaseViewController.swift in Sources */,
				5AF8A38924C4C5EC000D2843 /* API.swift in Sources */,
				EFD45EA024E461C90003DECF /* BaseHeaderTableView.swift in Sources */,
				5AF8A37824C4C53D000D2843 /* ContentView.swift in Sources */,
				EF7309C224E9B945007DBDD8 /* NhanVienParam.swift in Sources */,
				EFD45EA624E4623F0003DECF /* MainViewController.swift in Sources */,
			);
			runOnlyForDeploymentPostprocessing = 0;
		};
/* End PBXSourcesBuildPhase section */

/* Begin PBXVariantGroup section */
		5AF8A37E24C4C53E000D2843 /* LaunchScreen.storyboard */ = {
			isa = PBXVariantGroup;
			children = (
				5AF8A37F24C4C53E000D2843 /* Base */,
			);
			name = LaunchScreen.storyboard;
			sourceTree = "<group>";
		};
/* End PBXVariantGroup section */

/* Begin XCBuildConfiguration section */
		5AF8A38224C4C53E000D2843 /* Debug */ = {
			isa = XCBuildConfiguration;
			buildSettings = {
				ALWAYS_SEARCH_USER_PATHS = NO;
				CLANG_ANALYZER_NONNULL = YES;
				CLANG_ANALYZER_NUMBER_OBJECT_CONVERSION = YES_AGGRESSIVE;
				CLANG_CXX_LANGUAGE_STANDARD = "gnu++14";
				CLANG_CXX_LIBRARY = "libc++";
				CLANG_ENABLE_MODULES = YES;
				CLANG_ENABLE_OBJC_ARC = YES;
				CLANG_ENABLE_OBJC_WEAK = YES;
				CLANG_WARN_BLOCK_CAPTURE_AUTORELEASING = YES;
				CLANG_WARN_BOOL_CONVERSION = YES;
				CLANG_WARN_COMMA = YES;
				CLANG_WARN_CONSTANT_CONVERSION = YES;
				CLANG_WARN_DEPRECATED_OBJC_IMPLEMENTATIONS = YES;
				CLANG_WARN_DIRECT_OBJC_ISA_USAGE = YES_ERROR;
				CLANG_WARN_DOCUMENTATION_COMMENTS = YES;
				CLANG_WARN_EMPTY_BODY = YES;
				CLANG_WARN_ENUM_CONVERSION = YES;
				CLANG_WARN_INFINITE_RECURSION = YES;
				CLANG_WARN_INT_CONVERSION = YES;
				CLANG_WARN_NON_LITERAL_NULL_CONVERSION = YES;
				CLANG_WARN_OBJC_IMPLICIT_RETAIN_SELF = YES;
				CLANG_WARN_OBJC_LITERAL_CONVERSION = YES;
				CLANG_WARN_OBJC_ROOT_CLASS = YES_ERROR;
				CLANG_WARN_RANGE_LOOP_ANALYSIS = YES;
				CLANG_WARN_STRICT_PROTOTYPES = YES;
				CLANG_WARN_SUSPICIOUS_MOVE = YES;
				CLANG_WARN_UNGUARDED_AVAILABILITY = YES_AGGRESSIVE;
				CLANG_WARN_UNREACHABLE_CODE = YES;
				CLANG_WARN__DUPLICATE_METHOD_MATCH = YES;
				COPY_PHASE_STRIP = NO;
				DEBUG_INFORMATION_FORMAT = dwarf;
				ENABLE_STRICT_OBJC_MSGSEND = YES;
				ENABLE_TESTABILITY = YES;
				GCC_C_LANGUAGE_STANDARD = gnu11;
				GCC_DYNAMIC_NO_PIC = NO;
				GCC_NO_COMMON_BLOCKS = YES;
				GCC_OPTIMIZATION_LEVEL = 0;
				GCC_PREPROCESSOR_DEFINITIONS = (
					"DEBUG=1",
					"$(inherited)",
				);
				GCC_WARN_64_TO_32_BIT_CONVERSION = YES;
				GCC_WARN_ABOUT_RETURN_TYPE = YES_ERROR;
				GCC_WARN_UNDECLARED_SELECTOR = YES;
				GCC_WARN_UNINITIALIZED_AUTOS = YES_AGGRESSIVE;
				GCC_WARN_UNUSED_FUNCTION = YES;
				GCC_WARN_UNUSED_VARIABLE = YES;
				IPHONEOS_DEPLOYMENT_TARGET = 13.6;
				MTL_ENABLE_DEBUG_INFO = INCLUDE_SOURCE;
				MTL_FAST_MATH = YES;
				ONLY_ACTIVE_ARCH = YES;
				SDKROOT = iphoneos;
				SWIFT_ACTIVE_COMPILATION_CONDITIONS = DEBUG;
				SWIFT_OPTIMIZATION_LEVEL = "-Onone";
			};
			name = Debug;
		};
		5AF8A38324C4C53E000D2843 /* Release */ = {
			isa = XCBuildConfiguration;
			buildSettings = {
				ALWAYS_SEARCH_USER_PATHS = NO;
				CLANG_ANALYZER_NONNULL = YES;
				CLANG_ANALYZER_NUMBER_OBJECT_CONVERSION = YES_AGGRESSIVE;
				CLANG_CXX_LANGUAGE_STANDARD = "gnu++14";
				CLANG_CXX_LIBRARY = "libc++";
				CLANG_ENABLE_MODULES = YES;
				CLANG_ENABLE_OBJC_ARC = YES;
				CLANG_ENABLE_OBJC_WEAK = YES;
				CLANG_WARN_BLOCK_CAPTURE_AUTORELEASING = YES;
				CLANG_WARN_BOOL_CONVERSION = YES;
				CLANG_WARN_COMMA = YES;
				CLANG_WARN_CONSTANT_CONVERSION = YES;
				CLANG_WARN_DEPRECATED_OBJC_IMPLEMENTATIONS = YES;
				CLANG_WARN_DIRECT_OBJC_ISA_USAGE = YES_ERROR;
				CLANG_WARN_DOCUMENTATION_COMMENTS = YES;
				CLANG_WARN_EMPTY_BODY = YES;
				CLANG_WARN_ENUM_CONVERSION = YES;
				CLANG_WARN_INFINITE_RECURSION = YES;
				CLANG_WARN_INT_CONVERSION = YES;
				CLANG_WARN_NON_LITERAL_NULL_CONVERSION = YES;
				CLANG_WARN_OBJC_IMPLICIT_RETAIN_SELF = YES;
				CLANG_WARN_OBJC_LITERAL_CONVERSION = YES;
				CLANG_WARN_OBJC_ROOT_CLASS = YES_ERROR;
				CLANG_WARN_RANGE_LOOP_ANALYSIS = YES;
				CLANG_WARN_STRICT_PROTOTYPES = YES;
				CLANG_WARN_SUSPICIOUS_MOVE = YES;
				CLANG_WARN_UNGUARDED_AVAILABILITY = YES_AGGRESSIVE;
				CLANG_WARN_UNREACHABLE_CODE = YES;
				CLANG_WARN__DUPLICATE_METHOD_MATCH = YES;
				COPY_PHASE_STRIP = NO;
				DEBUG_INFORMATION_FORMAT = "dwarf-with-dsym";
				ENABLE_NS_ASSERTIONS = NO;
				ENABLE_STRICT_OBJC_MSGSEND = YES;
				GCC_C_LANGUAGE_STANDARD = gnu11;
				GCC_NO_COMMON_BLOCKS = YES;
				GCC_WARN_64_TO_32_BIT_CONVERSION = YES;
				GCC_WARN_ABOUT_RETURN_TYPE = YES_ERROR;
				GCC_WARN_UNDECLARED_SELECTOR = YES;
				GCC_WARN_UNINITIALIZED_AUTOS = YES_AGGRESSIVE;
				GCC_WARN_UNUSED_FUNCTION = YES;
				GCC_WARN_UNUSED_VARIABLE = YES;
				IPHONEOS_DEPLOYMENT_TARGET = 13.6;
				MTL_ENABLE_DEBUG_INFO = NO;
				MTL_FAST_MATH = YES;
				SDKROOT = iphoneos;
				SWIFT_COMPILATION_MODE = wholemodule;
				SWIFT_OPTIMIZATION_LEVEL = "-O";
				VALIDATE_PRODUCT = YES;
			};
			name = Release;
		};
		5AF8A38524C4C53E000D2843 /* Debug */ = {
			isa = XCBuildConfiguration;
			baseConfigurationReference = 12E1443085D660D4B737CD53 /* Pods-BaseIOS.debug.xcconfig */;
			buildSettings = {
				ASSETCATALOG_COMPILER_APPICON_NAME = AppIcon;
				CODE_SIGN_STYLE = Automatic;
				DEVELOPMENT_ASSET_PATHS = "\"BaseIOS/Preview Content\"";
				DEVELOPMENT_TEAM = 79W9Z2GAU8;
				ENABLE_PREVIEWS = YES;
				INFOPLIST_FILE = BaseIOS/Info.plist;
				IPHONEOS_DEPLOYMENT_TARGET = 13.0;
				LD_RUNPATH_SEARCH_PATHS = (
					"$(inherited)",
					"@executable_path/Frameworks",
				);
				PRODUCT_BUNDLE_IDENTIFIER = com.base.best.BaseIOS;
				PRODUCT_NAME = "$(TARGET_NAME)";
				SWIFT_VERSION = 5.0;
				TARGETED_DEVICE_FAMILY = "1,2";
			};
			name = Debug;
		};
		5AF8A38624C4C53E000D2843 /* Release */ = {
			isa = XCBuildConfiguration;
			baseConfigurationReference = 8A967B027AEEB597DC46318C /* Pods-BaseIOS.release.xcconfig */;
			buildSettings = {
				ASSETCATALOG_COMPILER_APPICON_NAME = AppIcon;
				CODE_SIGN_STYLE = Automatic;
				DEVELOPMENT_ASSET_PATHS = "\"BaseIOS/Preview Content\"";
				DEVELOPMENT_TEAM = 79W9Z2GAU8;
				ENABLE_PREVIEWS = YES;
				INFOPLIST_FILE = BaseIOS/Info.plist;
				IPHONEOS_DEPLOYMENT_TARGET = 13.0;
				LD_RUNPATH_SEARCH_PATHS = (
					"$(inherited)",
					"@executable_path/Frameworks",
				);
				PRODUCT_BUNDLE_IDENTIFIER = com.base.best.BaseIOS;
				PRODUCT_NAME = "$(TARGET_NAME)";
				SWIFT_VERSION = 5.0;
				TARGETED_DEVICE_FAMILY = "1,2";
			};
			name = Release;
		};
/* End XCBuildConfiguration section */

/* Begin XCConfigurationList section */
		5AF8A36B24C4C53D000D2843 /* Build configuration list for PBXProject "BaseIOS" */ = {
			isa = XCConfigurationList;
			buildConfigurations = (
				5AF8A38224C4C53E000D2843 /* Debug */,
				5AF8A38324C4C53E000D2843 /* Release */,
			);
			defaultConfigurationIsVisible = 0;
			defaultConfigurationName = Release;
		};
		5AF8A38424C4C53E000D2843 /* Build configuration list for PBXNativeTarget "BaseIOS" */ = {
			isa = XCConfigurationList;
			buildConfigurations = (
				5AF8A38524C4C53E000D2843 /* Debug */,
				5AF8A38624C4C53E000D2843 /* Release */,
			);
			defaultConfigurationIsVisible = 0;
			defaultConfigurationName = Release;
		};
/* End XCConfigurationList section */
	};
	rootObject = 5AF8A36824C4C53D000D2843 /* Project object */;
}
