PODS:
  - FSCalendar (2.8.1)
  - SideMenu (6.4.9)

DEPENDENCIES:
  - FSCalendar
  - SideMenu

SPEC REPOS:
  trunk:
    - FSCalendar
    - SideMenu

SPEC CHECKSUMS:
  FSCalendar: 5245140456fcbcac5824c203b98bd8068bdfee1a
  SideMenu: 8ef57a3cfc024a2d3fc1c036c7fe98537baec9e0

PODFILE CHECKSUM: c9d04edc2f4c90c0240d457c7bb1d184675d03d0

COCOAPODS: 1.9.3
