// !$*UTF8*$!
{
	archiveVersion = 1;
	classes = {
	};
	objectVersion = 50;
	objects = {

/* Begin PBXBuildFile section */
		EF2014E224DAA95F006902D0 /* MapView.swift in Sources */ = {isa = PBXBuildFile; fileRef = EF2014E124DAA95F006902D0 /* MapView.swift */; };
		EF20150724DAB29F006902D0 /* Landmark.swift in Sources */ = {isa = PBXBuildFile; fileRef = EF20150624DAB29F006902D0 /* Landmark.swift */; };
		EF20150A24DAB42F006902D0 /* LandmarkRow.swift in Sources */ = {isa = PBXBuildFile; fileRef = EF20150924DAB42F006902D0 /* LandmarkRow.swift */; };
		EF20150F24DAC1E8006902D0 /* Data.swift in Sources */ = {isa = PBXBuildFile; fileRef = EF20150E24DAC1E8006902D0 /* Data.swift */; };
		EF77085024D51A850041EB7C /* AppDelegate.swift in Sources */ = {isa = PBXBuildFile; fileRef = EF77084F24D51A850041EB7C /* AppDelegate.swift */; };
		EF77085224D51A850041EB7C /* SceneDelegate.swift in Sources */ = {isa = PBXBuildFile; fileRef = EF77085124D51A850041EB7C /* SceneDelegate.swift */; };
		EF77085424D51A850041EB7C /* LandmarkDetail.swift in Sources */ = {isa = PBXBuildFile; fileRef = EF77085324D51A850041EB7C /* LandmarkDetail.swift */; };
		EF77085624D51A8A0041EB7C /* Assets.xcassets in Resources */ = {isa = PBXBuildFile; fileRef = EF77085524D51A8A0041EB7C /* Assets.xcassets */; };
		EF77085924D51A8A0041EB7C /* Preview Assets.xcassets in Resources */ = {isa = PBXBuildFile; fileRef = EF77085824D51A8A0041EB7C /* Preview Assets.xcassets */; };
		EF77085C24D51A8A0041EB7C /* LaunchScreen.storyboard in Resources */ = {isa = PBXBuildFile; fileRef = EF77085A24D51A8A0041EB7C /* LaunchScreen.storyboard */; };
		EFA48A1D24DAA79000CB8982 /* CircleImage.swift in Sources */ = {isa = PBXBuildFile; fileRef = EFA48A1C24DAA79000CB8982 /* CircleImage.swift */; };
/* End PBXBuildFile section */

/* Begin PBXFileReference section */
		EF2014E124DAA95F006902D0 /* MapView.swift */ = {isa = PBXFileReference; lastKnownFileType = sourcecode.swift; path = MapView.swift; sourceTree = "<group>"; };
		EF20150624DAB29F006902D0 /* Landmark.swift */ = {isa = PBXFileReference; lastKnownFileType = sourcecode.swift; path = Landmark.swift; sourceTree = "<group>"; };
		EF20150824DAB2D1006902D0 /* landmarkData.json */ = {isa = PBXFileReference; lastKnownFileType = text.json; path = landmarkData.json; sourceTree = "<group>"; xcLanguageSpecificationIdentifier = xcode.lang.json; };
		EF20150924DAB42F006902D0 /* LandmarkRow.swift */ = {isa = PBXFileReference; lastKnownFileType = sourcecode.swift; path = LandmarkRow.swift; sourceTree = "<group>"; };
		EF20150E24DAC1E8006902D0 /* Data.swift */ = {isa = PBXFileReference; lastKnownFileType = sourcecode.swift; path = Data.swift; sourceTree = "<group>"; };
		EF77084C24D51A850041EB7C /* DemoSwiftUI.app */ = {isa = PBXFileReference; explicitFileType = wrapper.application; includeInIndex = 0; path = DemoSwiftUI.app; sourceTree = BUILT_PRODUCTS_DIR; };
		EF77084F24D51A850041EB7C /* AppDelegate.swift */ = {isa = PBXFileReference; lastKnownFileType = sourcecode.swift; path = AppDelegate.swift; sourceTree = "<group>"; };
		EF77085124D51A850041EB7C /* SceneDelegate.swift */ = {isa = PBXFileReference; lastKnownFileType = sourcecode.swift; path = SceneDelegate.swift; sourceTree = "<group>"; };
		EF77085324D51A850041EB7C /* LandmarkDetail.swift */ = {isa = PBXFileReference; lastKnownFileType = sourcecode.swift; path = LandmarkDetail.swift; sourceTree = "<group>"; };
		EF77085524D51A8A0041EB7C /* Assets.xcassets */ = {isa = PBXFileReference; lastKnownFileType = folder.assetcatalog; path = Assets.xcassets; sourceTree = "<group>"; };
		EF77085824D51A8A0041EB7C /* Preview Assets.xcassets */ = {isa = PBXFileReference; lastKnownFileType = folder.assetcatalog; path = "Preview Assets.xcassets"; sourceTree = "<group>"; };
		EF77085B24D51A8A0041EB7C /* Base */ = {isa = PBXFileReference; lastKnownFileType = file.storyboard; name = Base; path = Base.lproj/LaunchScreen.storyboard; sourceTree = "<group>"; };
		EF77085D24D51A8A0041EB7C /* Info.plist */ = {isa = PBXFileReference; lastKnownFileType = text.plist.xml; path = Info.plist; sourceTree = "<group>"; };
		EFA48A1C24DAA79000CB8982 /* CircleImage.swift */ = {isa = PBXFileReference; lastKnownFileType = sourcecode.swift; path = CircleImage.swift; sourceTree = "<group>"; };
/* End PBXFileReference section */

/* Begin PBXFrameworksBuildPhase section */
		EF77084924D51A850041EB7C /* Frameworks */ = {
			isa = PBXFrameworksBuildPhase;
			buildActionMask = 2147483647;
			files = (
			);
			runOnlyForDeploymentPostprocessing = 0;
		};
/* End PBXFrameworksBuildPhase section */

/* Begin PBXGroup section */
		EF77084324D51A850041EB7C = {
			isa = PBXGroup;
			children = (
				EF77084E24D51A850041EB7C /* DemoSwiftUI */,
				EF77084D24D51A850041EB7C /* Products */,
			);
			sourceTree = "<group>";
		};
		EF77084D24D51A850041EB7C /* Products */ = {
			isa = PBXGroup;
			children = (
				EF77084C24D51A850041EB7C /* DemoSwiftUI.app */,
			);
			name = Products;
			sourceTree = "<group>";
		};
		EF77084E24D51A850041EB7C /* DemoSwiftUI */ = {
			isa = PBXGroup;
			children = (
				EF77084F24D51A850041EB7C /* AppDelegate.swift */,
				EF77085124D51A850041EB7C /* SceneDelegate.swift */,
				EF77085324D51A850041EB7C /* LandmarkDetail.swift */,
				EFA48A1C24DAA79000CB8982 /* CircleImage.swift */,
				EF2014E124DAA95F006902D0 /* MapView.swift */,
				EF77085524D51A8A0041EB7C /* Assets.xcassets */,
				EF77085A24D51A8A0041EB7C /* LaunchScreen.storyboard */,
				EF77085D24D51A8A0041EB7C /* Info.plist */,
				EF77085724D51A8A0041EB7C /* Preview Content */,
				EF20150624DAB29F006902D0 /* Landmark.swift */,
				EF20150824DAB2D1006902D0 /* landmarkData.json */,
				EF20150924DAB42F006902D0 /* LandmarkRow.swift */,
				EF20150E24DAC1E8006902D0 /* Data.swift */,
			);
			path = DemoSwiftUI;
			sourceTree = "<group>";
		};
		EF77085724D51A8A0041EB7C /* Preview Content */ = {
			isa = PBXGroup;
			children = (
				EF77085824D51A8A0041EB7C /* Preview Assets.xcassets */,
			);
			path = "Preview Content";
			sourceTree = "<group>";
		};
/* End PBXGroup section */

/* Begin PBXNativeTarget section */
		EF77084B24D51A850041EB7C /* DemoSwiftUI */ = {
			isa = PBXNativeTarget;
			buildConfigurationList = EF77086024D51A8A0041EB7C /* Build configuration list for PBXNativeTarget "DemoSwiftUI" */;
			buildPhases = (
				EF77084824D51A850041EB7C /* Sources */,
				EF77084924D51A850041EB7C /* Frameworks */,
				EF77084A24D51A850041EB7C /* Resources */,
			);
			buildRules = (
			);
			dependencies = (
			);
			name = DemoSwiftUI;
			productName = DemoSwiftUI;
			productReference = EF77084C24D51A850041EB7C /* DemoSwiftUI.app */;
			productType = "com.apple.product-type.application";
		};
/* End PBXNativeTarget section */

/* Begin PBXProject section */
		EF77084424D51A850041EB7C /* Project object */ = {
			isa = PBXProject;
			attributes = {
				KnownAssetTags = (
					New,
				);
				LastSwiftUpdateCheck = 1130;
				LastUpgradeCheck = 1130;
				ORGANIZATIONNAME = "Nam Hoang Van";
				TargetAttributes = {
					EF77084B24D51A850041EB7C = {
						CreatedOnToolsVersion = 11.3;
					};
				};
			};
			buildConfigurationList = EF77084724D51A850041EB7C /* Build configuration list for PBXProject "DemoSwiftUI" */;
			compatibilityVersion = "Xcode 9.3";
			developmentRegion = en;
			hasScannedForEncodings = 0;
			knownRegions = (
				en,
				Base,
			);
			mainGroup = EF77084324D51A850041EB7C;
			productRefGroup = EF77084D24D51A850041EB7C /* Products */;
			projectDirPath = "";
			projectRoot = "";
			targets = (
				EF77084B24D51A850041EB7C /* DemoSwiftUI */,
			);
		};
/* End PBXProject section */

/* Begin PBXResourcesBuildPhase section */
		EF77084A24D51A850041EB7C /* Resources */ = {
			isa = PBXResourcesBuildPhase;
			buildActionMask = 2147483647;
			files = (
				EF77085C24D51A8A0041EB7C /* LaunchScreen.storyboard in Resources */,
				EF77085924D51A8A0041EB7C /* Preview Assets.xcassets in Resources */,
				EF77085624D51A8A0041EB7C /* Assets.xcassets in Resources */,
			);
			runOnlyForDeploymentPostprocessing = 0;
		};
/* End PBXResourcesBuildPhase section */

/* Begin PBXSourcesBuildPhase section */
		EF77084824D51A850041EB7C /* Sources */ = {
			isa = PBXSourcesBuildPhase;
			buildActionMask = 2147483647;
			files = (
				EF77085024D51A850041EB7C /* AppDelegate.swift in Sources */,
				EFA48A1D24DAA79000CB8982 /* CircleImage.swift in Sources */,
				EF2014E224DAA95F006902D0 /* MapView.swift in Sources */,
				EF77085224D51A850041EB7C /* SceneDelegate.swift in Sources */,
				EF77085424D51A850041EB7C /* LandmarkDetail.swift in Sources */,
				EF20150A24DAB42F006902D0 /* LandmarkRow.swift in Sources */,
				EF20150724DAB29F006902D0 /* Landmark.swift in Sources */,
				EF20150F24DAC1E8006902D0 /* Data.swift in Sources */,
			);
			runOnlyForDeploymentPostprocessing = 0;
		};
/* End PBXSourcesBuildPhase section */

/* Begin PBXVariantGroup section */
		EF77085A24D51A8A0041EB7C /* LaunchScreen.storyboard */ = {
			isa = PBXVariantGroup;
			children = (
				EF77085B24D51A8A0041EB7C /* Base */,
			);
			name = LaunchScreen.storyboard;
			sourceTree = "<group>";
		};
/* End PBXVariantGroup section */

/* Begin XCBuildConfiguration section */
		EF77085E24D51A8A0041EB7C /* Debug */ = {
			isa = XCBuildConfiguration;
			buildSettings = {
				ALWAYS_SEARCH_USER_PATHS = NO;
				CLANG_ANALYZER_NONNULL = YES;
				CLANG_ANALYZER_NUMBER_OBJECT_CONVERSION = YES_AGGRESSIVE;
				CLANG_CXX_LANGUAGE_STANDARD = "gnu++14";
				CLANG_CXX_LIBRARY = "libc++";
				CLANG_ENABLE_MODULES = YES;
				CLANG_ENABLE_OBJC_ARC = YES;
				CLANG_ENABLE_OBJC_WEAK = YES;
				CLANG_WARN_BLOCK_CAPTURE_AUTORELEASING = YES;
				CLANG_WARN_BOOL_CONVERSION = YES;
				CLANG_WARN_COMMA = YES;
				CLANG_WARN_CONSTANT_CONVERSION = YES;
				CLANG_WARN_DEPRECATED_OBJC_IMPLEMENTATIONS = YES;
				CLANG_WARN_DIRECT_OBJC_ISA_USAGE = YES_ERROR;
				CLANG_WARN_DOCUMENTATION_COMMENTS = YES;
				CLANG_WARN_EMPTY_BODY = YES;
				CLANG_WARN_ENUM_CONVERSION = YES;
				CLANG_WARN_INFINITE_RECURSION = YES;
				CLANG_WARN_INT_CONVERSION = YES;
				CLANG_WARN_NON_LITERAL_NULL_CONVERSION = YES;
				CLANG_WARN_OBJC_IMPLICIT_RETAIN_SELF = YES;
				CLANG_WARN_OBJC_LITERAL_CONVERSION = YES;
				CLANG_WARN_OBJC_ROOT_CLASS = YES_ERROR;
				CLANG_WARN_RANGE_LOOP_ANALYSIS = YES;
				CLANG_WARN_STRICT_PROTOTYPES = YES;
				CLANG_WARN_SUSPICIOUS_MOVE = YES;
				CLANG_WARN_UNGUARDED_AVAILABILITY = YES_AGGRESSIVE;
				CLANG_WARN_UNREACHABLE_CODE = YES;
				CLANG_WARN__DUPLICATE_METHOD_MATCH = YES;
				COPY_PHASE_STRIP = NO;
				DEBUG_INFORMATION_FORMAT = dwarf;
				ENABLE_STRICT_OBJC_MSGSEND = YES;
				ENABLE_TESTABILITY = YES;
				GCC_C_LANGUAGE_STANDARD = gnu11;
				GCC_DYNAMIC_NO_PIC = NO;
				GCC_NO_COMMON_BLOCKS = YES;
				GCC_OPTIMIZATION_LEVEL = 0;
				GCC_PREPROCESSOR_DEFINITIONS = (
					"DEBUG=1",
					"$(inherited)",
				);
				GCC_WARN_64_TO_32_BIT_CONVERSION = YES;
				GCC_WARN_ABOUT_RETURN_TYPE = YES_ERROR;
				GCC_WARN_UNDECLARED_SELECTOR = YES;
				GCC_WARN_UNINITIALIZED_AUTOS = YES_AGGRESSIVE;
				GCC_WARN_UNUSED_FUNCTION = YES;
				GCC_WARN_UNUSED_VARIABLE = YES;
				IPHONEOS_DEPLOYMENT_TARGET = 13.2;
				MTL_ENABLE_DEBUG_INFO = INCLUDE_SOURCE;
				MTL_FAST_MATH = YES;
				ONLY_ACTIVE_ARCH = YES;
				SDKROOT = iphoneos;
				SWIFT_ACTIVE_COMPILATION_CONDITIONS = DEBUG;
				SWIFT_OPTIMIZATION_LEVEL = "-Onone";
			};
			name = Debug;
		};
		EF77085F24D51A8A0041EB7C /* Release */ = {
			isa = XCBuildConfiguration;
			buildSettings = {
				ALWAYS_SEARCH_USER_PATHS = NO;
				CLANG_ANALYZER_NONNULL = YES;
				CLANG_ANALYZER_NUMBER_OBJECT_CONVERSION = YES_AGGRESSIVE;
				CLANG_CXX_LANGUAGE_STANDARD = "gnu++14";
				CLANG_CXX_LIBRARY = "libc++";
				CLANG_ENABLE_MODULES = YES;
				CLANG_ENABLE_OBJC_ARC = YES;
				CLANG_ENABLE_OBJC_WEAK = YES;
				CLANG_WARN_BLOCK_CAPTURE_AUTORELEASING = YES;
				CLANG_WARN_BOOL_CONVERSION = YES;
				CLANG_WARN_COMMA = YES;
				CLANG_WARN_CONSTANT_CONVERSION = YES;
				CLANG_WARN_DEPRECATED_OBJC_IMPLEMENTATIONS = YES;
				CLANG_WARN_DIRECT_OBJC_ISA_USAGE = YES_ERROR;
				CLANG_WARN_DOCUMENTATION_COMMENTS = YES;
				CLANG_WARN_EMPTY_BODY = YES;
				CLANG_WARN_ENUM_CONVERSION = YES;
				CLANG_WARN_INFINITE_RECURSION = YES;
				CLANG_WARN_INT_CONVERSION = YES;
				CLANG_WARN_NON_LITERAL_NULL_CONVERSION = YES;
				CLANG_WARN_OBJC_IMPLICIT_RETAIN_SELF = YES;
				CLANG_WARN_OBJC_LITERAL_CONVERSION = YES;
				CLANG_WARN_OBJC_ROOT_CLASS = YES_ERROR;
				CLANG_WARN_RANGE_LOOP_ANALYSIS = YES;
				CLANG_WARN_STRICT_PROTOTYPES = YES;
				CLANG_WARN_SUSPICIOUS_MOVE = YES;
				CLANG_WARN_UNGUARDED_AVAILABILITY = YES_AGGRESSIVE;
				CLANG_WARN_UNREACHABLE_CODE = YES;
				CLANG_WARN__DUPLICATE_METHOD_MATCH = YES;
				COPY_PHASE_STRIP = NO;
				DEBUG_INFORMATION_FORMAT = "dwarf-with-dsym";
				ENABLE_NS_ASSERTIONS = NO;
				ENABLE_STRICT_OBJC_MSGSEND = YES;
				GCC_C_LANGUAGE_STANDARD = gnu11;
				GCC_NO_COMMON_BLOCKS = YES;
				GCC_WARN_64_TO_32_BIT_CONVERSION = YES;
				GCC_WARN_ABOUT_RETURN_TYPE = YES_ERROR;
				GCC_WARN_UNDECLARED_SELECTOR = YES;
				GCC_WARN_UNINITIALIZED_AUTOS = YES_AGGRESSIVE;
				GCC_WARN_UNUSED_FUNCTION = YES;
				GCC_WARN_UNUSED_VARIABLE = YES;
				IPHONEOS_DEPLOYMENT_TARGET = 13.2;
				MTL_ENABLE_DEBUG_INFO = NO;
				MTL_FAST_MATH = YES;
				SDKROOT = iphoneos;
				SWIFT_COMPILATION_MODE = wholemodule;
				SWIFT_OPTIMIZATION_LEVEL = "-O";
				VALIDATE_PRODUCT = YES;
			};
			name = Release;
		};
		EF77086124D51A8A0041EB7C /* Debug */ = {
			isa = XCBuildConfiguration;
			buildSettings = {
				ASSETCATALOG_COMPILER_APPICON_NAME = AppIcon;
				CODE_SIGN_STYLE = Automatic;
				DEVELOPMENT_ASSET_PATHS = "\"DemoSwiftUI/Preview Content\"";
				ENABLE_PREVIEWS = YES;
				INFOPLIST_FILE = DemoSwiftUI/Info.plist;
				LD_RUNPATH_SEARCH_PATHS = (
					"$(inherited)",
					"@executable_path/Frameworks",
				);
				PRODUCT_BUNDLE_IDENTIFIER = "-.DemoSwiftUI";
				PRODUCT_NAME = "$(TARGET_NAME)";
				SWIFT_VERSION = 5.0;
				TARGETED_DEVICE_FAMILY = "1,2";
			};
			name = Debug;
		};
		EF77086224D51A8A0041EB7C /* Release */ = {
			isa = XCBuildConfiguration;
			buildSettings = {
				ASSETCATALOG_COMPILER_APPICON_NAME = AppIcon;
				CODE_SIGN_STYLE = Automatic;
				DEVELOPMENT_ASSET_PATHS = "\"DemoSwiftUI/Preview Content\"";
				ENABLE_PREVIEWS = YES;
				INFOPLIST_FILE = DemoSwiftUI/Info.plist;
				LD_RUNPATH_SEARCH_PATHS = (
					"$(inherited)",
					"@executable_path/Frameworks",
				);
				PRODUCT_BUNDLE_IDENTIFIER = "-.DemoSwiftUI";
				PRODUCT_NAME = "$(TARGET_NAME)";
				SWIFT_VERSION = 5.0;
				TARGETED_DEVICE_FAMILY = "1,2";
			};
			name = Release;
		};
/* End XCBuildConfiguration section */

/* Begin XCConfigurationList section */
		EF77084724D51A850041EB7C /* Build configuration list for PBXProject "DemoSwiftUI" */ = {
			isa = XCConfigurationList;
			buildConfigurations = (
				EF77085E24D51A8A0041EB7C /* Debug */,
				EF77085F24D51A8A0041EB7C /* Release */,
			);
			defaultConfigurationIsVisible = 0;
			defaultConfigurationName = Release;
		};
		EF77086024D51A8A0041EB7C /* Build configuration list for PBXNativeTarget "DemoSwiftUI" */ = {
			isa = XCConfigurationList;
			buildConfigurations = (
				EF77086124D51A8A0041EB7C /* Debug */,
				EF77086224D51A8A0041EB7C /* Release */,
			);
			defaultConfigurationIsVisible = 0;
			defaultConfigurationName = Release;
		};
/* End XCConfigurationList section */
	};
	rootObject = EF77084424D51A850041EB7C /* Project object */;
}
